{
  "version": 4,
  "terraform_version": "1.14.3",
  "serial": 506,
  "lineage": "5505a309-6cd4-0471-258a-b4c9ddea2b17",
  "outputs": {
    "elb_dns_name": {
      "value": "dev-vpc-elb-759352297.us-east-1.elb.amazonaws.com",
      "type": "string"
    },
    "elb_id": {
      "value": "dev-vpc-elb",
      "type": "string"
    },
    "elb_url": {
      "value": "http://dev-vpc-elb-759352297.us-east-1.elb.amazonaws.com",
      "type": "string"
    },
    "iam_role_1_arn": {
      "value": "arn:aws:iam::992382472914:role/dev-nginx-web-role-1-20260624092755058700000001",
      "type": "string"
    },
    "iam_role_1_name": {
      "value": "dev-nginx-web-role-1-20260624092755058700000001",
      "type": "string"
    },
    "iam_role_2_arn": {
      "value": "arn:aws:iam::992382472914:role/dev-nginx-web-role-2-20260624092755058700000002",
      "type": "string"
    },
    "iam_role_2_name": {
      "value": "dev-nginx-web-role-2-20260624092755058700000002",
      "type": "string"
    },
    "instance_ids": {
      "value": {
        "1": "i-08265465764e9a240",
        "2": "i-0dc6dd268092b0787"
      },
      "type": [
        "object",
        {
          "1": "string",
          "2": "string"
        }
      ]
    },
    "instance_private_ips": {
      "value": {
        "1": "10.0.1.8",
        "2": "10.0.2.196"
      },
      "type": [
        "object",
        {
          "1": "string",
          "2": "string"
        }
      ]
    },
    "instance_public_ips": {
      "value": {
        "1": "107.23.230.154",
        "2": "34.206.53.239"
      },
      "type": [
        "object",
        {
          "1": "string",
          "2": "string"
        }
      ]
    },
    "instance_urls": {
      "value": {
        "1": "http://107.23.230.154",
        "2": "http://34.206.53.239"
      },
      "type": [
        "object",
        {
          "1": "string",
          "2": "string"
        }
      ]
    },
    "private_subnet_ids": {
      "value": [
        "subnet-0cea3f1ea0d9789ed",
        "subnet-0f17fecb53ee6fd95"
      ],
      "type": [
        "tuple",
        [
          "string",
          "string"
        ]
      ]
    },
    "public_subnet_ids": {
      "value": [
        "subnet-09bf224908a0c4ea4",
        "subnet-0237be38de446a07a"
      ],
      "type": [
        "tuple",
        [
          "string",
          "string"
        ]
      ]
    },
    "s3_bucket_arn": {
      "value": "arn:aws:s3:::dev-nginx-assets-992382472914",
      "type": "string"
    },
    "s3_bucket_id": {
      "value": "dev-nginx-assets-992382472914",
      "type": "string"
    },
    "vpc_id": {
      "value": "vpc-0be0b95a6f9abeb12",
      "type": "string"
    }
  },
  "resources": [
    {
      "module": "module.elb.module.elb",
      "mode": "managed",
      "type": "aws_elb",
      "name": "this",
      "provider": "provider[\"registry.terraform.io/hashicorp/aws\"]",
      "instances": [
        {
          "index_key": 0,
          "schema_version": 0,
          "attributes": {
            "access_logs": [],
            "arn": "arn:aws:elasticloadbalancing:us-east-1:992382472914:loadbalancer/dev-vpc-elb",
            "availability_zones": [
              "us-east-1a",
              "us-east-1b"
            ],
            "connection_draining": true,
            "connection_draining_timeout": 300,
            "cross_zone_load_balancing": true,
            "desync_mitigation_mode": "defensive",
            "dns_name": "dev-vpc-elb-759352297.us-east-1.elb.amazonaws.com",
            "health_check": [
              {
                "healthy_threshold": 3,
                "interval": 30,
                "target": "HTTP:80/",
                "timeout": 5,
                "unhealthy_threshold": 3
              }
            ],
            "id": "dev-vpc-elb",
            "idle_timeout": 60,
            "instances": [
              "i-08265465764e9a240",
              "i-0dc6dd268092b0787"
            ],
            "internal": false,
            "listener": [
              {
                "instance_port": 80,
                "instance_protocol": "http",
                "lb_port": 80,
                "lb_protocol": "http",
                "ssl_certificate_id": ""
              }
            ],
            "name": "dev-vpc-elb",
            "name_prefix": "",
            "region": "us-east-1",
            "security_groups": [
              "sg-019ebb6cd96d26838"
            ],
            "source_security_group": "992382472914/dev-vpc-elb-sg-20260624092802522600000008",
            "source_security_group_id": "sg-019ebb6cd96d26838",
            "subnets": [
              "subnet-0237be38de446a07a",
              "subnet-09bf224908a0c4ea4"
            ],
            "tags": {
              "Environment": "dev",
              "ManagedBy": "terraform",
              "Name": "dev-vpc-elb",
              "Project": "nginx-webserver"
            },
            "tags_all": {
              "Environment": "dev",
              "ManagedBy": "terraform",
              "Name": "dev-vpc-elb",
              "Project": "nginx-webserver"
            },
            "timeouts": null,
            "zone_id": "Z35SXDOTRQ7X7K"
          },
          "sensitive_attributes": [],
          "identity_schema_version": 0,
          "identity": {
            "account_id": "992382472914",
            "name": "dev-vpc-elb",
            "region": "us-east-1"
          },
          "private": "eyJlMmJmYjczMC1lY2FhLTExZTYtOGY4OC0zNDM2M2JjN2M0YzAiOnsiY3JlYXRlIjozMDAwMDAwMDAwMDAsInVwZGF0ZSI6MzAwMDAwMDAwMDAwfX0=",
          "dependencies": [
            "module.elb_security_group.aws_security_group.this",
            "module.vpc.aws_subnet.public",
            "module.vpc.aws_vpc.this",
            "module.vpc.aws_vpc_ipv4_cidr_block_association.this"
          ]
        }
      ]
    },
    {
      "module": "module.elb.module.elb_attachment",
      "mode": "managed",
      "type": "aws_elb_attachment",
      "name": "this",
      "provider": "provider[\"registry.terraform.io/hashicorp/aws\"]",
      "instances": [
        {
          "index_key": 0,
          "schema_version": 0,
          "attributes": {
            "elb": "dev-vpc-elb",
            "id": "dev-vpc-elb-20260624092827060200000002",
            "instance": "i-08265465764e9a240",
            "region": "us-east-1"
          },
          "sensitive_attributes": [],
          "identity_schema_version": 0,
          "private": "bnVsbA==",
          "dependencies": [
            "module.elb.module.elb.aws_elb.this",
            "module.elb_security_group.aws_security_group.this",
            "module.nginx_ec2_instances.aws_ebs_volume.this",
            "module.nginx_ec2_instances.aws_ec2_tag.spot_instance",
            "module.nginx_ec2_instances.aws_eip.this",
            "module.nginx_ec2_instances.aws_iam_instance_profile.this",
            "module.nginx_ec2_instances.aws_iam_role.this",
            "module.nginx_ec2_instances.aws_iam_role_policy_attachment.this",
            "module.nginx_ec2_instances.aws_instance.ignore_ami",
            "module.nginx_ec2_instances.aws_instance.this",
            "module.nginx_ec2_instances.aws_security_group.this",
            "module.nginx_ec2_instances.aws_spot_instance_request.this",
            "module.nginx_ec2_instances.aws_volume_attachment.this",
            "module.nginx_ec2_instances.aws_vpc_security_group_egress_rule.this",
            "module.nginx_ec2_instances.aws_vpc_security_group_ingress_rule.this",
            "module.nginx_ec2_instances.data.aws_iam_policy_document.assume_role_policy",
            "module.nginx_ec2_instances.data.aws_partition.current",
            "module.nginx_ec2_instances.data.aws_ssm_parameter.this",
            "module.nginx_ec2_instances.data.aws_subnet.this",
            "module.nginx_web_role_1.aws_iam_instance_profile.this",
            "module.nginx_web_role_1.aws_iam_role.this",
            "module.nginx_web_role_1.data.aws_caller_identity.current",
            "module.nginx_web_role_1.data.aws_iam_policy_document.this",
            "module.nginx_web_role_1.data.aws_partition.current",
            "module.nginx_web_role_2.aws_iam_instance_profile.this",
            "module.nginx_web_role_2.aws_iam_role.this",
            "module.nginx_web_role_2.data.aws_caller_identity.current",
            "module.nginx_web_role_2.data.aws_iam_policy_document.this",
            "module.nginx_web_role_2.data.aws_partition.current",
            "module.vpc.aws_subnet.public",
            "module.vpc.aws_vpc.this",
            "module.vpc.aws_vpc_ipv4_cidr_block_association.this"
          ]
        },
        {
          "index_key": 1,
          "schema_version": 0,
          "attributes": {
            "elb": "dev-vpc-elb",
            "id": "dev-vpc-elb-20260624092826609000000001",
            "instance": "i-0dc6dd268092b0787",
            "region": "us-east-1"
          },
          "sensitive_attributes": [],
          "identity_schema_version": 0,
          "private": "bnVsbA==",
          "dependencies": [
            "module.elb.module.elb.aws_elb.this",
            "module.elb_security_group.aws_security_group.this",
            "module.nginx_ec2_instances.aws_ebs_volume.this",
            "module.nginx_ec2_instances.aws_ec2_tag.spot_instance",
            "module.nginx_ec2_instances.aws_eip.this",
            "module.nginx_ec2_instances.aws_iam_instance_profile.this",
            "module.nginx_ec2_instances.aws_iam_role.this",
            "module.nginx_ec2_instances.aws_iam_role_policy_attachment.this",
            "module.nginx_ec2_instances.aws_instance.ignore_ami",
            "module.nginx_ec2_instances.aws_instance.this",
            "module.nginx_ec2_instances.aws_security_group.this",
            "module.nginx_ec2_instances.aws_spot_instance_request.this",
            "module.nginx_ec2_instances.aws_volume_attachment.this",
            "module.nginx_ec2_instances.aws_vpc_security_group_egress_rule.this",
            "module.nginx_ec2_instances.aws_vpc_security_group_ingress_rule.this",
            "module.nginx_ec2_instances.data.aws_iam_policy_document.assume_role_policy",
            "module.nginx_ec2_instances.data.aws_partition.current",
            "module.nginx_ec2_instances.data.aws_ssm_parameter.this",
            "module.nginx_ec2_instances.data.aws_subnet.this",
            "module.nginx_web_role_1.aws_iam_instance_profile.this",
            "module.nginx_web_role_1.aws_iam_role.this",
            "module.nginx_web_role_1.data.aws_caller_identity.current",
            "module.nginx_web_role_1.data.aws_iam_policy_document.this",
            "module.nginx_web_role_1.data.aws_partition.current",
            "module.nginx_web_role_2.aws_iam_instance_profile.this",
            "module.nginx_web_role_2.aws_iam_role.this",
            "module.nginx_web_role_2.data.aws_caller_identity.current",
            "module.nginx_web_role_2.data.aws_iam_policy_document.this",
            "module.nginx_web_role_2.data.aws_partition.current",
            "module.vpc.aws_subnet.public",
            "module.vpc.aws_vpc.this",
            "module.vpc.aws_vpc_ipv4_cidr_block_association.this"
          ]
        }
      ]
    },
    {
      "module": "module.elb_security_group",
      "mode": "managed",
      "type": "aws_security_group",
      "name": "this",
      "provider": "provider[\"registry.terraform.io/hashicorp/aws\"]",
      "instances": [
        {
          "index_key": 0,
          "schema_version": 1,
          "attributes": {
            "arn": "arn:aws:ec2:us-east-1:992382472914:security-group/sg-019ebb6cd96d26838",
            "description": "Security group for public ELB",
            "egress": [
              {
                "cidr_blocks": [
                  "10.0.0.0/16"
                ],
                "description": "Allow HTTP to backend EC2 instances in VPC",
                "from_port": 80,
                "ipv6_cidr_blocks": [],
                "prefix_list_ids": [],
                "protocol": "tcp",
                "security_groups": [],
                "self": false,
                "to_port": 80
              }
            ],
            "id": "sg-019ebb6cd96d26838",
            "ingress": [
              {
                "cidr_blocks": [
                  "0.0.0.0/0"
                ],
                "description": "Allow HTTP traffic from anywhere",
                "from_port": 80,
                "ipv6_cidr_blocks": [],
                "prefix_list_ids": [],
                "protocol": "tcp",
                "security_groups": [],
                "self": false,
                "to_port": 80
              },
              {
                "cidr_blocks": [
                  "0.0.0.0/0"
                ],
                "description": "Allow HTTPS traffic from anywhere",
                "from_port": 443,
                "ipv6_cidr_blocks": [],
                "prefix_list_ids": [],
                "protocol": "tcp",
                "security_groups": [],
                "self": false,
                "to_port": 443
              }
            ],
            "name": "dev-vpc-elb-sg-20260624092802522600000008",
            "name_prefix": "dev-vpc-elb-sg-",
            "owner_id": "992382472914",
            "region": "us-east-1",
            "revoke_rules_on_delete": false,
            "tags": {
              "Environment": "dev",
              "ManagedBy": "terraform",
              "Project": "nginx-webserver"
            },
            "tags_all": {
              "Environment": "dev",
              "ManagedBy": "terraform",
              "Project": "nginx-webserver"
            },
            "timeouts": null,
            "vpc_id": "vpc-0be0b95a6f9abeb12"
          },
          "sensitive_attributes": [],
          "identity_schema_version": 0,
          "identity": {
            "account_id": "992382472914",
            "id": "sg-019ebb6cd96d26838",
            "region": "us-east-1"
          },
          "private": "eyJlMmJmYjczMC1lY2FhLTExZTYtOGY4OC0zNDM2M2JjN2M0YzAiOnsiY3JlYXRlIjo2MDAwMDAwMDAwMDAsImRlbGV0ZSI6OTAwMDAwMDAwMDAwfSwic2NoZW1hX3ZlcnNpb24iOiIxIn0=",
          "dependencies": [
            "module.vpc.aws_vpc.this"
          ],
          "create_before_destroy": true
        }
      ]
    },
    {
      "module": "module.elb_security_group",
      "mode": "managed",
      "type": "aws_vpc_security_group_egress_rule",
      "name": "this",
      "provider": "provider[\"registry.terraform.io/hashicorp/aws\"]",
      "instances": [
        {
          "index_key": "http_to_backends",
          "schema_version": 0,
          "attributes": {
            "arn": "arn:aws:ec2:us-east-1:992382472914:security-group-rule/sgr-0707cf377f1e50a15",
            "cidr_ipv4": "10.0.0.0/16",
            "cidr_ipv6": null,
            "description": "Allow HTTP to backend EC2 instances in VPC",
            "from_port": 80,
            "id": "sgr-0707cf377f1e50a15",
            "ip_protocol": "tcp",
            "prefix_list_id": null,
            "referenced_security_group_id": null,
            "region": "us-east-1",
            "security_group_id": "sg-019ebb6cd96d26838",
            "security_group_rule_id": "sgr-0707cf377f1e50a15",
            "tags": {
              "Environment": "dev",
              "ManagedBy": "terraform",
              "Name": "http_to_backends",
              "Project": "nginx-webserver"
            },
            "tags_all": {
              "Environment": "dev",
              "ManagedBy": "terraform",
              "Name": "http_to_backends",
              "Project": "nginx-webserver"
            },
            "to_port": 80
          },
          "sensitive_attributes": [],
          "identity_schema_version": 0,
          "identity": {
            "account_id": "992382472914",
            "id": "sgr-0707cf377f1e50a15",
            "region": "us-east-1"
          },
          "dependencies": [
            "module.elb_security_group.aws_security_group.this",
            "module.vpc.aws_vpc.this"
          ]
        }
      ]
    },
    {
      "module": "module.elb_security_group",
      "mode": "managed",
      "type": "aws_vpc_security_group_ingress_rule",
      "name": "this",
      "provider": "provider[\"registry.terraform.io/hashicorp/aws\"]",
      "instances": [
        {
          "index_key": "http",
          "schema_version": 0,
          "attributes": {
            "arn": "arn:aws:ec2:us-east-1:992382472914:security-group-rule/sgr-0de19aff774ad49b4",
            "cidr_ipv4": "0.0.0.0/0",
            "cidr_ipv6": null,
            "description": "Allow HTTP traffic from anywhere",
            "from_port": 80,
            "id": "sgr-0de19aff774ad49b4",
            "ip_protocol": "tcp",
            "prefix_list_id": null,
            "referenced_security_group_id": null,
            "region": "us-east-1",
            "security_group_id": "sg-019ebb6cd96d26838",
            "security_group_rule_id": "sgr-0de19aff774ad49b4",
            "tags": {
              "Environment": "dev",
              "ManagedBy": "terraform",
              "Name": "http",
              "Project": "nginx-webserver"
            },
            "tags_all": {
              "Environment": "dev",
              "ManagedBy": "terraform",
              "Name": "http",
              "Project": "nginx-webserver"
            },
            "to_port": 80
          },
          "sensitive_attributes": [],
          "identity_schema_version": 0,
          "identity": {
            "account_id": "992382472914",
            "id": "sgr-0de19aff774ad49b4",
            "region": "us-east-1"
          },
          "dependencies": [
            "module.elb_security_group.aws_security_group.this",
            "module.vpc.aws_vpc.this"
          ]
        },
        {
          "index_key": "https",
          "schema_version": 0,
          "attributes": {
            "arn": "arn:aws:ec2:us-east-1:992382472914:security-group-rule/sgr-00630304978cceead",
            "cidr_ipv4": "0.0.0.0/0",
            "cidr_ipv6": null,
            "description": "Allow HTTPS traffic from anywhere",
            "from_port": 443,
            "id": "sgr-00630304978cceead",
            "ip_protocol": "tcp",
            "prefix_list_id": null,
            "referenced_security_group_id": null,
            "region": "us-east-1",
            "security_group_id": "sg-019ebb6cd96d26838",
            "security_group_rule_id": "sgr-00630304978cceead",
            "tags": {
              "Environment": "dev",
              "ManagedBy": "terraform",
              "Name": "https",
              "Project": "nginx-webserver"
            },
            "tags_all": {
              "Environment": "dev",
              "ManagedBy": "terraform",
              "Name": "https",
              "Project": "nginx-webserver"
            },
            "to_port": 443
          },
          "sensitive_attributes": [],
          "identity_schema_version": 0,
          "identity": {
            "account_id": "992382472914",
            "id": "sgr-00630304978cceead",
            "region": "us-east-1"
          },
          "dependencies": [
            "module.elb_security_group.aws_security_group.this",
            "module.vpc.aws_vpc.this"
          ]
        }
      ]
    },
    {
      "module": "module.elb_security_group",
      "mode": "managed",
      "type": "aws_vpc_security_group_rules_exclusive",
      "name": "this",
      "provider": "provider[\"registry.terraform.io/hashicorp/aws\"]",
      "instances": [
        {
          "index_key": 0,
          "schema_version": 0,
          "attributes": {
            "egress_rule_ids": [
              "sgr-0707cf377f1e50a15"
            ],
            "ingress_rule_ids": [
              "sgr-00630304978cceead",
              "sgr-0de19aff774ad49b4"
            ],
            "region": "us-east-1",
            "security_group_id": "sg-019ebb6cd96d26838"
          },
          "sensitive_attributes": [],
          "identity_schema_version": 0,
          "dependencies": [
            "module.elb_security_group.aws_security_group.this",
            "module.elb_security_group.aws_vpc_security_group_egress_rule.this",
            "module.elb_security_group.aws_vpc_security_group_ingress_rule.this",
            "module.vpc.aws_vpc.this"
          ]
        }
      ]
    },
    {
      "module": "module.nginx_ec2_instances[\"1\"]",
      "mode": "data",
      "type": "aws_partition",
      "name": "current",
      "provider": "provider[\"registry.terraform.io/hashicorp/aws\"]",
      "instances": [
        {
          "schema_version": 0,
          "attributes": {
            "dns_suffix": "amazonaws.com",
            "id": "aws",
            "partition": "aws",
            "reverse_dns_prefix": "com.amazonaws"
          },
          "sensitive_attributes": [],
          "identity_schema_version": 0
        }
      ]
    },
    {
      "module": "module.nginx_ec2_instances[\"1\"]",
      "mode": "data",
      "type": "aws_ssm_parameter",
      "name": "this",
      "provider": "provider[\"registry.terraform.io/hashicorp/aws\"]",
      "instances": [
        {
          "schema_version": 0,
          "attributes": {
            "arn": "arn:aws:ssm:us-east-1::parameter/aws/service/ami-amazon-linux-latest/al2023-ami-kernel-default-x86_64",
            "id": "/aws/service/ami-amazon-linux-latest/al2023-ami-kernel-default-x86_64",
            "insecure_value": "ami-00948338a4aeec604",
            "name": "/aws/service/ami-amazon-linux-latest/al2023-ami-kernel-default-x86_64",
            "region": "us-east-1",
            "type": "String",
            "value": "ami-00948338a4aeec604",
            "version": 174,
            "with_decryption": true
          },
          "sensitive_attributes": [
            [
              {
                "type": "get_attr",
                "value": "value"
              }
            ]
          ],
          "identity_schema_version": 0
        }
      ]
    },
    {
      "module": "module.nginx_ec2_instances[\"1\"]",
      "mode": "data",
      "type": "aws_subnet",
      "name": "this",
      "provider": "provider[\"registry.terraform.io/hashicorp/aws\"]",
      "instances": [
        {
          "index_key": 0,
          "schema_version": 0,
          "attributes": {
            "arn": "arn:aws:ec2:us-east-1:992382472914:subnet/subnet-09bf224908a0c4ea4",
            "assign_ipv6_address_on_creation": false,
            "availability_zone": "us-east-1a",
            "availability_zone_id": "use1-az6",
            "available_ip_address_count": 249,
            "cidr_block": "10.0.1.0/24",
            "customer_owned_ipv4_pool": "",
            "default_for_az": false,
            "enable_dns64": false,
            "enable_lni_at_device_index": 0,
            "enable_resource_name_dns_a_record_on_launch": false,
            "enable_resource_name_dns_aaaa_record_on_launch": false,
            "filter": null,
            "id": "subnet-09bf224908a0c4ea4",
            "ipv6_cidr_block": "",
            "ipv6_cidr_block_association_id": "",
            "ipv6_native": false,
            "map_customer_owned_ip_on_launch": false,
            "map_public_ip_on_launch": false,
            "outpost_arn": "",
            "owner_id": "992382472914",
            "private_dns_hostname_type_on_launch": "ip-name",
            "region": "us-east-1",
            "state": "available",
            "tags": {
              "Environment": "dev",
              "ManagedBy": "terraform",
              "Name": "dev-vpc-public-us-east-1a",
              "Project": "nginx-webserver"
            },
            "timeouts": null,
            "vpc_id": "vpc-0be0b95a6f9abeb12"
          },
          "sensitive_attributes": [],
          "identity_schema_version": 0
        }
      ]
    },
    {
      "module": "module.nginx_ec2_instances[\"1\"]",
      "mode": "managed",
      "type": "aws_instance",
      "name": "this",
      "provider": "provider[\"registry.terraform.io/hashicorp/aws\"]",
      "instances": [
        {
          "index_key": 0,
          "schema_version": 2,
          "attributes": {
            "ami": "ami-00948338a4aeec604",
            "arn": "arn:aws:ec2:us-east-1:992382472914:instance/i-08265465764e9a240",
            "associate_public_ip_address": true,
            "availability_zone": "us-east-1a",
            "capacity_reservation_specification": [
              {
                "capacity_reservation_preference": "open",
                "capacity_reservation_target": []
              }
            ],
            "cpu_options": [
              {
                "amd_sev_snp": "",
                "core_count": 1,
                "nested_virtualization": "",
                "threads_per_core": 2
              }
            ],
            "credit_specification": [
              {
                "cpu_credits": "unlimited"
              }
            ],
            "disable_api_stop": false,
            "disable_api_termination": false,
            "ebs_block_device": [],
            "ebs_optimized": false,
            "enable_primary_ipv6": null,
            "enclave_options": [
              {
                "enabled": false
              }
            ],
            "ephemeral_block_device": [],
            "force_destroy": false,
            "get_password_data": false,
            "hibernation": false,
            "host_id": "",
            "host_resource_group_arn": null,
            "iam_instance_profile": "dev-nginx-web-role-1-20260624092757025500000005",
            "id": "i-08265465764e9a240",
            "instance_initiated_shutdown_behavior": "stop",
            "instance_lifecycle": "",
            "instance_market_options": [],
            "instance_state": "running",
            "instance_type": "t3.micro",
            "ipv6_address_count": 0,
            "ipv6_addresses": [],
            "key_name": "",
            "launch_template": [],
            "maintenance_options": [
              {
                "auto_recovery": "default"
              }
            ],
            "metadata_options": [
              {
                "http_endpoint": "enabled",
                "http_protocol_ipv6": "disabled",
                "http_put_response_hop_limit": 1,
                "http_tokens": "required",
                "instance_metadata_tags": "disabled"
              }
            ],
            "monitoring": false,
            "network_interface": [],
            "outpost_arn": "",
            "password_data": "",
            "placement_group": "",
            "placement_group_id": "",
            "placement_partition_number": 0,
            "primary_network_interface": [
              {
                "delete_on_termination": true,
                "network_interface_id": "eni-086b48ad96a1588ea"
              }
            ],
            "primary_network_interface_id": "eni-086b48ad96a1588ea",
            "private_dns": "ip-10-0-1-8.ec2.internal",
            "private_dns_name_options": [
              {
                "enable_resource_name_dns_a_record": false,
                "enable_resource_name_dns_aaaa_record": false,
                "hostname_type": "ip-name"
              }
            ],
            "private_ip": "10.0.1.8",
            "public_dns": "ec2-107-23-230-154.compute-1.amazonaws.com",
            "public_ip": "107.23.230.154",
            "region": "us-east-1",
            "root_block_device": [
              {
                "delete_on_termination": true,
                "device_name": "/dev/xvda",
                "encrypted": true,
                "iops": 3000,
                "kms_key_id": "arn:aws:kms:us-east-1:992382472914:key/da186cca-bbd4-4416-b98d-3e32302b01ea",
                "tags": {},
                "tags_all": {},
                "throughput": 125,
                "volume_id": "vol-04d05ea22460f2493",
                "volume_size": 8,
                "volume_type": "gp3"
              }
            ],
            "secondary_network_interface": [],
            "secondary_private_ips": [],
            "security_groups": [],
            "source_dest_check": true,
            "spot_instance_request_id": "",
            "subnet_id": "subnet-09bf224908a0c4ea4",
            "tags": {
              "AZ": "us-east-1a",
              "Environment": "dev",
              "ManagedBy": "terraform",
              "Name": "dev-nginx-server-1",
              "Project": "nginx-webserver",
              "S3Access": "YES",
              "Server": "1"
            },
            "tags_all": {
              "AZ": "us-east-1a",
              "Environment": "dev",
              "ManagedBy": "terraform",
              "Name": "dev-nginx-server-1",
              "Project": "nginx-webserver",
              "S3Access": "YES",
              "Server": "1"
            },
            "tenancy": "default",
            "timeouts": null,
            "user_data": "#!/bin/bash\r\nyum update -y\r\nyum install -y nginx\r\nsystemctl start nginx\r\nsystemctl enable nginx\r\nmkdir -p /usr/share/nginx/html\r\ncat \u003e /usr/share/nginx/html/index.html \u003c\u003c 'HTML'\r\n\u003c!DOCTYPE html\u003e\r\n\u003chtml\u003e\r\n\u003chead\u003e\r\n  \u003ctitle\u003eNginx Server 1\u003c/title\u003e\r\n  \u003cstyle\u003e\r\n    body { font-family: Arial, sans-serif; text-align: center; padding: 50px; background-color: #e3f2fd; }\r\n    .container { background: white; padding: 40px; border-radius: 10px; box-shadow: 0 2px 10px rgba(0,0,0,0.1); display: inline-block; }\r\n    h1 { color: #2196F3; }\r\n    p { color: #555; }\r\n  \u003c/style\u003e\r\n\u003c/head\u003e\r\n\u003cbody\u003e\r\n  \u003cdiv class=\"container\"\u003e\r\n    \u003ch1\u003eNginx Server 1 is running!\u003c/h1\u003e\r\n    \u003cp\u003eThis server was deployed using Terraform.\u003c/p\u003e\r\n    \u003cp\u003eEnvironment: DEV\u003c/p\u003e\r\n    \u003cp\u003eAZ: us-east-1a\u003c/p\u003e\r\n    \u003cp\u003eS3 Access: YES\u003c/p\u003e\r\n  \u003c/div\u003e\r\n\u003c/body\u003e\r\n\u003c/html\u003e\r\nHTML\r\nsystemctl restart nginx\r\n",
            "user_data_base64": null,
            "user_data_replace_on_change": false,
            "volume_tags": {
              "AZ": "us-east-1a",
              "Environment": "dev",
              "ManagedBy": "terraform",
              "Name": "dev-nginx-server-1",
              "Project": "nginx-webserver",
              "S3Access": "YES",
              "Server": "1"
            },
            "vpc_security_group_ids": [
              "sg-0ffde1e4073c31901"
            ]
          },
          "sensitive_attributes": [],
          "identity_schema_version": 0,
          "identity": {
            "account_id": "992382472914",
            "id": "i-08265465764e9a240",
            "region": "us-east-1"
          },
          "private": "eyJlMmJmYjczMC1lY2FhLTExZTYtOGY4OC0zNDM2M2JjN2M0YzAiOnsiY3JlYXRlIjo2MDAwMDAwMDAwMDAsImRlbGV0ZSI6MTIwMDAwMDAwMDAwMCwicmVhZCI6OTAwMDAwMDAwMDAwLCJ1cGRhdGUiOjYwMDAwMDAwMDAwMH0sInNjaGVtYV92ZXJzaW9uIjoiMiJ9",
          "dependencies": [
            "module.nginx_ec2_instances.aws_iam_instance_profile.this",
            "module.nginx_ec2_instances.aws_iam_role.this",
            "module.nginx_ec2_instances.aws_security_group.this",
            "module.nginx_ec2_instances.data.aws_iam_policy_document.assume_role_policy",
            "module.nginx_ec2_instances.data.aws_partition.current",
            "module.nginx_ec2_instances.data.aws_ssm_parameter.this",
            "module.nginx_ec2_instances.data.aws_subnet.this",
            "module.nginx_web_role_1.aws_iam_instance_profile.this",
            "module.nginx_web_role_1.aws_iam_role.this",
            "module.nginx_web_role_1.data.aws_caller_identity.current",
            "module.nginx_web_role_1.data.aws_iam_policy_document.this",
            "module.nginx_web_role_1.data.aws_partition.current",
            "module.nginx_web_role_2.aws_iam_instance_profile.this",
            "module.nginx_web_role_2.aws_iam_role.this",
            "module.nginx_web_role_2.data.aws_caller_identity.current",
            "module.nginx_web_role_2.data.aws_iam_policy_document.this",
            "module.nginx_web_role_2.data.aws_partition.current",
            "module.vpc.aws_subnet.public",
            "module.vpc.aws_vpc.this",
            "module.vpc.aws_vpc_ipv4_cidr_block_association.this"
          ]
        }
      ]
    },
    {
      "module": "module.nginx_ec2_instances[\"1\"]",
      "mode": "managed",
      "type": "aws_security_group",
      "name": "this",
      "provider": "provider[\"registry.terraform.io/hashicorp/aws\"]",
      "instances": [
        {
          "index_key": 0,
          "schema_version": 1,
          "attributes": {
            "arn": "arn:aws:ec2:us-east-1:992382472914:security-group/sg-0ffde1e4073c31901",
            "description": "Managed by Terraform",
            "egress": [
              {
                "cidr_blocks": [
                  "0.0.0.0/0"
                ],
                "description": "Allow all IPv4 traffic",
                "from_port": 0,
                "ipv6_cidr_blocks": [],
                "prefix_list_ids": [],
                "protocol": "-1",
                "security_groups": [],
                "self": false,
                "to_port": 0
              },
              {
                "cidr_blocks": [],
                "description": "Allow all IPv6 traffic",
                "from_port": 0,
                "ipv6_cidr_blocks": [
                  "::/0"
                ],
                "prefix_list_ids": [],
                "protocol": "-1",
                "security_groups": [],
                "self": false,
                "to_port": 0
              }
            ],
            "id": "sg-0ffde1e4073c31901",
            "ingress": [
              {
                "cidr_blocks": [
                  "0.0.0.0/0"
                ],
                "description": "Allow HTTP traffic",
                "from_port": 80,
                "ipv6_cidr_blocks": [],
                "prefix_list_ids": [],
                "protocol": "tcp",
                "security_groups": [],
                "self": false,
                "to_port": 80
              },
              {
                "cidr_blocks": [
                  "0.0.0.0/0"
                ],
                "description": "Allow HTTPS traffic",
                "from_port": 443,
                "ipv6_cidr_blocks": [],
                "prefix_list_ids": [],
                "protocol": "tcp",
                "security_groups": [],
                "self": false,
                "to_port": 443
              },
              {
                "cidr_blocks": [
                  "0.0.0.0/0"
                ],
                "description": "Allow SSH from 0.0.0.0/0",
                "from_port": 22,
                "ipv6_cidr_blocks": [],
                "prefix_list_ids": [],
                "protocol": "tcp",
                "security_groups": [],
                "self": false,
                "to_port": 22
              }
            ],
            "name": "dev-nginx-server-1-sg-20260624092805401300000009",
            "name_prefix": "dev-nginx-server-1-sg-",
            "owner_id": "992382472914",
            "region": "us-east-1",
            "revoke_rules_on_delete": false,
            "tags": {
              "AZ": "us-east-1a",
              "Environment": "dev",
              "ManagedBy": "terraform",
              "Name": "dev-nginx-server-1-sg",
              "Project": "nginx-webserver",
              "S3Access": "YES",
              "Server": "1"
            },
            "tags_all": {
              "AZ": "us-east-1a",
              "Environment": "dev",
              "ManagedBy": "terraform",
              "Name": "dev-nginx-server-1-sg",
              "Project": "nginx-webserver",
              "S3Access": "YES",
              "Server": "1"
            },
            "timeouts": null,
            "vpc_id": "vpc-0be0b95a6f9abeb12"
          },
          "sensitive_attributes": [],
          "identity_schema_version": 0,
          "identity": {
            "account_id": "992382472914",
            "id": "sg-0ffde1e4073c31901",
            "region": "us-east-1"
          },
          "private": "eyJlMmJmYjczMC1lY2FhLTExZTYtOGY4OC0zNDM2M2JjN2M0YzAiOnsiY3JlYXRlIjo2MDAwMDAwMDAwMDAsImRlbGV0ZSI6OTAwMDAwMDAwMDAwfSwic2NoZW1hX3ZlcnNpb24iOiIxIn0=",
          "dependencies": [
            "module.nginx_ec2_instances.data.aws_subnet.this",
            "module.nginx_web_role_1.aws_iam_instance_profile.this",
            "module.nginx_web_role_1.aws_iam_role.this",
            "module.nginx_web_role_1.data.aws_caller_identity.current",
            "module.nginx_web_role_1.data.aws_iam_policy_document.this",
            "module.nginx_web_role_1.data.aws_partition.current",
            "module.nginx_web_role_2.aws_iam_instance_profile.this",
            "module.nginx_web_role_2.aws_iam_role.this",
            "module.nginx_web_role_2.data.aws_caller_identity.current",
            "module.nginx_web_role_2.data.aws_iam_policy_document.this",
            "module.nginx_web_role_2.data.aws_partition.current",
            "module.vpc.aws_subnet.public",
            "module.vpc.aws_vpc.this",
            "module.vpc.aws_vpc_ipv4_cidr_block_association.this"
          ],
          "create_before_destroy": true
        }
      ]
    },
    {
      "module": "module.nginx_ec2_instances[\"1\"]",
      "mode": "managed",
      "type": "aws_vpc_security_group_egress_rule",
      "name": "this",
      "provider": "provider[\"registry.terraform.io/hashicorp/aws\"]",
      "instances": [
        {
          "index_key": "ipv4_default",
          "schema_version": 0,
          "attributes": {
            "arn": "arn:aws:ec2:us-east-1:992382472914:security-group-rule/sgr-068a199510112d093",
            "cidr_ipv4": "0.0.0.0/0",
            "cidr_ipv6": null,
            "description": "Allow all IPv4 traffic",
            "from_port": null,
            "id": "sgr-068a199510112d093",
            "ip_protocol": "-1",
            "prefix_list_id": null,
            "referenced_security_group_id": null,
            "region": "us-east-1",
            "security_group_id": "sg-0ffde1e4073c31901",
            "security_group_rule_id": "sgr-068a199510112d093",
            "tags": {
              "AZ": "us-east-1a",
              "Environment": "dev",
              "ManagedBy": "terraform",
              "Name": "dev-nginx-server-1-sg-ipv4_default",
              "Project": "nginx-webserver",
              "S3Access": "YES",
              "Server": "1"
            },
            "tags_all": {
              "AZ": "us-east-1a",
              "Environment": "dev",
              "ManagedBy": "terraform",
              "Name": "dev-nginx-server-1-sg-ipv4_default",
              "Project": "nginx-webserver",
              "S3Access": "YES",
              "Server": "1"
            },
            "to_port": null
          },
          "sensitive_attributes": [],
          "identity_schema_version": 0,
          "identity": {
            "account_id": "992382472914",
            "id": "sgr-068a199510112d093",
            "region": "us-east-1"
          },
          "dependencies": [
            "module.nginx_ec2_instances.aws_security_group.this",
            "module.nginx_ec2_instances.data.aws_subnet.this",
            "module.nginx_web_role_1.aws_iam_instance_profile.this",
            "module.nginx_web_role_1.aws_iam_role.this",
            "module.nginx_web_role_1.data.aws_caller_identity.current",
            "module.nginx_web_role_1.data.aws_iam_policy_document.this",
            "module.nginx_web_role_1.data.aws_partition.current",
            "module.nginx_web_role_2.aws_iam_instance_profile.this",
            "module.nginx_web_role_2.aws_iam_role.this",
            "module.nginx_web_role_2.data.aws_caller_identity.current",
            "module.nginx_web_role_2.data.aws_iam_policy_document.this",
            "module.nginx_web_role_2.data.aws_partition.current",
            "module.vpc.aws_subnet.public",
            "module.vpc.aws_vpc.this",
            "module.vpc.aws_vpc_ipv4_cidr_block_association.this"
          ]
        },
        {
          "index_key": "ipv6_default",
          "schema_version": 0,
          "attributes": {
            "arn": "arn:aws:ec2:us-east-1:992382472914:security-group-rule/sgr-08eac499b0abd2393",
            "cidr_ipv4": null,
            "cidr_ipv6": "::/0",
            "description": "Allow all IPv6 traffic",
            "from_port": null,
            "id": "sgr-08eac499b0abd2393",
            "ip_protocol": "-1",
            "prefix_list_id": null,
            "referenced_security_group_id": null,
            "region": "us-east-1",
            "security_group_id": "sg-0ffde1e4073c31901",
            "security_group_rule_id": "sgr-08eac499b0abd2393",
            "tags": {
              "AZ": "us-east-1a",
              "Environment": "dev",
              "ManagedBy": "terraform",
              "Name": "dev-nginx-server-1-sg-ipv6_default",
              "Project": "nginx-webserver",
              "S3Access": "YES",
              "Server": "1"
            },
            "tags_all": {
              "AZ": "us-east-1a",
              "Environment": "dev",
              "ManagedBy": "terraform",
              "Name": "dev-nginx-server-1-sg-ipv6_default",
              "Project": "nginx-webserver",
              "S3Access": "YES",
              "Server": "1"
            },
            "to_port": null
          },
          "sensitive_attributes": [],
          "identity_schema_version": 0,
          "identity": {
            "account_id": "992382472914",
            "id": "sgr-08eac499b0abd2393",
            "region": "us-east-1"
          },
          "dependencies": [
            "module.nginx_ec2_instances.aws_security_group.this",
            "module.nginx_ec2_instances.data.aws_subnet.this",
            "module.nginx_web_role_1.aws_iam_instance_profile.this",
            "module.nginx_web_role_1.aws_iam_role.this",
            "module.nginx_web_role_1.data.aws_caller_identity.current",
            "module.nginx_web_role_1.data.aws_iam_policy_document.this",
            "module.nginx_web_role_1.data.aws_partition.current",
            "module.nginx_web_role_2.aws_iam_instance_profile.this",
            "module.nginx_web_role_2.aws_iam_role.this",
            "module.nginx_web_role_2.data.aws_caller_identity.current",
            "module.nginx_web_role_2.data.aws_iam_policy_document.this",
            "module.nginx_web_role_2.data.aws_partition.current",
            "module.vpc.aws_subnet.public",
            "module.vpc.aws_vpc.this",
            "module.vpc.aws_vpc_ipv4_cidr_block_association.this"
          ]
        }
      ]
    },
    {
      "module": "module.nginx_ec2_instances[\"1\"]",
      "mode": "managed",
      "type": "aws_vpc_security_group_ingress_rule",
      "name": "this",
      "provider": "provider[\"registry.terraform.io/hashicorp/aws\"]",
      "instances": [
        {
          "index_key": "http",
          "schema_version": 0,
          "attributes": {
            "arn": "arn:aws:ec2:us-east-1:992382472914:security-group-rule/sgr-070df2c007f636c49",
            "cidr_ipv4": "0.0.0.0/0",
            "cidr_ipv6": null,
            "description": "Allow HTTP traffic",
            "from_port": 80,
            "id": "sgr-070df2c007f636c49",
            "ip_protocol": "tcp",
            "prefix_list_id": null,
            "referenced_security_group_id": null,
            "region": "us-east-1",
            "security_group_id": "sg-0ffde1e4073c31901",
            "security_group_rule_id": "sgr-070df2c007f636c49",
            "tags": {
              "AZ": "us-east-1a",
              "Environment": "dev",
              "ManagedBy": "terraform",
              "Name": "dev-nginx-server-1-sg-http",
              "Project": "nginx-webserver",
              "S3Access": "YES",
              "Server": "1"
            },
            "tags_all": {
              "AZ": "us-east-1a",
              "Environment": "dev",
              "ManagedBy": "terraform",
              "Name": "dev-nginx-server-1-sg-http",
              "Project": "nginx-webserver",
              "S3Access": "YES",
              "Server": "1"
            },
            "to_port": 80
          },
          "sensitive_attributes": [],
          "identity_schema_version": 0,
          "identity": {
            "account_id": "992382472914",
            "id": "sgr-070df2c007f636c49",
            "region": "us-east-1"
          },
          "dependencies": [
            "module.nginx_ec2_instances.aws_security_group.this",
            "module.nginx_ec2_instances.data.aws_subnet.this",
            "module.nginx_web_role_1.aws_iam_instance_profile.this",
            "module.nginx_web_role_1.aws_iam_role.this",
            "module.nginx_web_role_1.data.aws_caller_identity.current",
            "module.nginx_web_role_1.data.aws_iam_policy_document.this",
            "module.nginx_web_role_1.data.aws_partition.current",
            "module.nginx_web_role_2.aws_iam_instance_profile.this",
            "module.nginx_web_role_2.aws_iam_role.this",
            "module.nginx_web_role_2.data.aws_caller_identity.current",
            "module.nginx_web_role_2.data.aws_iam_policy_document.this",
            "module.nginx_web_role_2.data.aws_partition.current",
            "module.vpc.aws_subnet.public",
            "module.vpc.aws_vpc.this",
            "module.vpc.aws_vpc_ipv4_cidr_block_association.this"
          ]
        },
        {
          "index_key": "https",
          "schema_version": 0,
          "attributes": {
            "arn": "arn:aws:ec2:us-east-1:992382472914:security-group-rule/sgr-04cf9db1a85a52661",
            "cidr_ipv4": "0.0.0.0/0",
            "cidr_ipv6": null,
            "description": "Allow HTTPS traffic",
            "from_port": 443,
            "id": "sgr-04cf9db1a85a52661",
            "ip_protocol": "tcp",
            "prefix_list_id": null,
            "referenced_security_group_id": null,
            "region": "us-east-1",
            "security_group_id": "sg-0ffde1e4073c31901",
            "security_group_rule_id": "sgr-04cf9db1a85a52661",
            "tags": {
              "AZ": "us-east-1a",
              "Environment": "dev",
              "ManagedBy": "terraform",
              "Name": "dev-nginx-server-1-sg-https",
              "Project": "nginx-webserver",
              "S3Access": "YES",
              "Server": "1"
            },
            "tags_all": {
              "AZ": "us-east-1a",
              "Environment": "dev",
              "ManagedBy": "terraform",
              "Name": "dev-nginx-server-1-sg-https",
              "Project": "nginx-webserver",
              "S3Access": "YES",
              "Server": "1"
            },
            "to_port": 443
          },
          "sensitive_attributes": [],
          "identity_schema_version": 0,
          "identity": {
            "account_id": "992382472914",
            "id": "sgr-04cf9db1a85a52661",
            "region": "us-east-1"
          },
          "dependencies": [
            "module.nginx_ec2_instances.aws_security_group.this",
            "module.nginx_ec2_instances.data.aws_subnet.this",
            "module.nginx_web_role_1.aws_iam_instance_profile.this",
            "module.nginx_web_role_1.aws_iam_role.this",
            "module.nginx_web_role_1.data.aws_caller_identity.current",
            "module.nginx_web_role_1.data.aws_iam_policy_document.this",
            "module.nginx_web_role_1.data.aws_partition.current",
            "module.nginx_web_role_2.aws_iam_instance_profile.this",
            "module.nginx_web_role_2.aws_iam_role.this",
            "module.nginx_web_role_2.data.aws_caller_identity.current",
            "module.nginx_web_role_2.data.aws_iam_policy_document.this",
            "module.nginx_web_role_2.data.aws_partition.current",
            "module.vpc.aws_subnet.public",
            "module.vpc.aws_vpc.this",
            "module.vpc.aws_vpc_ipv4_cidr_block_association.this"
          ]
        },
        {
          "index_key": "ssh_0",
          "schema_version": 0,
          "attributes": {
            "arn": "arn:aws:ec2:us-east-1:992382472914:security-group-rule/sgr-0b49d9d8a4f2518a7",
            "cidr_ipv4": "0.0.0.0/0",
            "cidr_ipv6": null,
            "description": "Allow SSH from 0.0.0.0/0",
            "from_port": 22,
            "id": "sgr-0b49d9d8a4f2518a7",
            "ip_protocol": "tcp",
            "prefix_list_id": null,
            "referenced_security_group_id": null,
            "region": "us-east-1",
            "security_group_id": "sg-0ffde1e4073c31901",
            "security_group_rule_id": "sgr-0b49d9d8a4f2518a7",
            "tags": {
              "AZ": "us-east-1a",
              "Environment": "dev",
              "ManagedBy": "terraform",
              "Name": "dev-nginx-server-1-sg-ssh_0",
              "Project": "nginx-webserver",
              "S3Access": "YES",
              "Server": "1"
            },
            "tags_all": {
              "AZ": "us-east-1a",
              "Environment": "dev",
              "ManagedBy": "terraform",
              "Name": "dev-nginx-server-1-sg-ssh_0",
              "Project": "nginx-webserver",
              "S3Access": "YES",
              "Server": "1"
            },
            "to_port": 22
          },
          "sensitive_attributes": [],
          "identity_schema_version": 0,
          "identity": {
            "account_id": "992382472914",
            "id": "sgr-0b49d9d8a4f2518a7",
            "region": "us-east-1"
          },
          "dependencies": [
            "module.nginx_ec2_instances.aws_security_group.this",
            "module.nginx_ec2_instances.data.aws_subnet.this",
            "module.nginx_web_role_1.aws_iam_instance_profile.this",
            "module.nginx_web_role_1.aws_iam_role.this",
            "module.nginx_web_role_1.data.aws_caller_identity.current",
            "module.nginx_web_role_1.data.aws_iam_policy_document.this",
            "module.nginx_web_role_1.data.aws_partition.current",
            "module.nginx_web_role_2.aws_iam_instance_profile.this",
            "module.nginx_web_role_2.aws_iam_role.this",
            "module.nginx_web_role_2.data.aws_caller_identity.current",
            "module.nginx_web_role_2.data.aws_iam_policy_document.this",
            "module.nginx_web_role_2.data.aws_partition.current",
            "module.vpc.aws_subnet.public",
            "module.vpc.aws_vpc.this",
            "module.vpc.aws_vpc_ipv4_cidr_block_association.this"
          ]
        }
      ]
    },
    {
      "module": "module.nginx_ec2_instances[\"2\"]",
      "mode": "data",
      "type": "aws_partition",
      "name": "current",
      "provider": "provider[\"registry.terraform.io/hashicorp/aws\"]",
      "instances": [
        {
          "schema_version": 0,
          "attributes": {
            "dns_suffix": "amazonaws.com",
            "id": "aws",
            "partition": "aws",
            "reverse_dns_prefix": "com.amazonaws"
          },
          "sensitive_attributes": [],
          "identity_schema_version": 0
        }
      ]
    },
    {
      "module": "module.nginx_ec2_instances[\"2\"]",
      "mode": "data",
      "type": "aws_ssm_parameter",
      "name": "this",
      "provider": "provider[\"registry.terraform.io/hashicorp/aws\"]",
      "instances": [
        {
          "schema_version": 0,
          "attributes": {
            "arn": "arn:aws:ssm:us-east-1::parameter/aws/service/ami-amazon-linux-latest/al2023-ami-kernel-default-x86_64",
            "id": "/aws/service/ami-amazon-linux-latest/al2023-ami-kernel-default-x86_64",
            "insecure_value": "ami-00948338a4aeec604",
            "name": "/aws/service/ami-amazon-linux-latest/al2023-ami-kernel-default-x86_64",
            "region": "us-east-1",
            "type": "String",
            "value": "ami-00948338a4aeec604",
            "version": 174,
            "with_decryption": true
          },
          "sensitive_attributes": [
            [
              {
                "type": "get_attr",
                "value": "value"
              }
            ]
          ],
          "identity_schema_version": 0
        }
      ]
    },
    {
      "module": "module.nginx_ec2_instances[\"2\"]",
      "mode": "data",
      "type": "aws_subnet",
      "name": "this",
      "provider": "provider[\"registry.terraform.io/hashicorp/aws\"]",
      "instances": [
        {
          "index_key": 0,
          "schema_version": 0,
          "attributes": {
            "arn": "arn:aws:ec2:us-east-1:992382472914:subnet/subnet-0237be38de446a07a",
            "assign_ipv6_address_on_creation": false,
            "availability_zone": "us-east-1b",
            "availability_zone_id": "use1-az1",
            "available_ip_address_count": 249,
            "cidr_block": "10.0.2.0/24",
            "customer_owned_ipv4_pool": "",
            "default_for_az": false,
            "enable_dns64": false,
            "enable_lni_at_device_index": 0,
            "enable_resource_name_dns_a_record_on_launch": false,
            "enable_resource_name_dns_aaaa_record_on_launch": false,
            "filter": null,
            "id": "subnet-0237be38de446a07a",
            "ipv6_cidr_block": "",
            "ipv6_cidr_block_association_id": "",
            "ipv6_native": false,
            "map_customer_owned_ip_on_launch": false,
            "map_public_ip_on_launch": false,
            "outpost_arn": "",
            "owner_id": "992382472914",
            "private_dns_hostname_type_on_launch": "ip-name",
            "region": "us-east-1",
            "state": "available",
            "tags": {
              "Environment": "dev",
              "ManagedBy": "terraform",
              "Name": "dev-vpc-public-us-east-1b",
              "Project": "nginx-webserver"
            },
            "timeouts": null,
            "vpc_id": "vpc-0be0b95a6f9abeb12"
          },
          "sensitive_attributes": [],
          "identity_schema_version": 0
        }
      ]
    },
    {
      "module": "module.nginx_ec2_instances[\"2\"]",
      "mode": "managed",
      "type": "aws_instance",
      "name": "this",
      "provider": "provider[\"registry.terraform.io/hashicorp/aws\"]",
      "instances": [
        {
          "index_key": 0,
          "schema_version": 2,
          "attributes": {
            "ami": "ami-00948338a4aeec604",
            "arn": "arn:aws:ec2:us-east-1:992382472914:instance/i-0dc6dd268092b0787",
            "associate_public_ip_address": true,
            "availability_zone": "us-east-1b",
            "capacity_reservation_specification": [
              {
                "capacity_reservation_preference": "open",
                "capacity_reservation_target": []
              }
            ],
            "cpu_options": [
              {
                "amd_sev_snp": "",
                "core_count": 1,
                "nested_virtualization": "",
                "threads_per_core": 2
              }
            ],
            "credit_specification": [
              {
                "cpu_credits": "unlimited"
              }
            ],
            "disable_api_stop": false,
            "disable_api_termination": false,
            "ebs_block_device": [],
            "ebs_optimized": false,
            "enable_primary_ipv6": null,
            "enclave_options": [
              {
                "enabled": false
              }
            ],
            "ephemeral_block_device": [],
            "force_destroy": false,
            "get_password_data": false,
            "hibernation": false,
            "host_id": "",
            "host_resource_group_arn": null,
            "iam_instance_profile": "dev-nginx-web-role-2-20260624092756996200000003",
            "id": "i-0dc6dd268092b0787",
            "instance_initiated_shutdown_behavior": "stop",
            "instance_lifecycle": "",
            "instance_market_options": [],
            "instance_state": "running",
            "instance_type": "t3.micro",
            "ipv6_address_count": 0,
            "ipv6_addresses": [],
            "key_name": "",
            "launch_template": [],
            "maintenance_options": [
              {
                "auto_recovery": "default"
              }
            ],
            "metadata_options": [
              {
                "http_endpoint": "enabled",
                "http_protocol_ipv6": "disabled",
                "http_put_response_hop_limit": 1,
                "http_tokens": "required",
                "instance_metadata_tags": "disabled"
              }
            ],
            "monitoring": false,
            "network_interface": [],
            "outpost_arn": "",
            "password_data": "",
            "placement_group": "",
            "placement_group_id": "",
            "placement_partition_number": 0,
            "primary_network_interface": [
              {
                "delete_on_termination": true,
                "network_interface_id": "eni-007770bc857ee296f"
              }
            ],
            "primary_network_interface_id": "eni-007770bc857ee296f",
            "private_dns": "ip-10-0-2-196.ec2.internal",
            "private_dns_name_options": [
              {
                "enable_resource_name_dns_a_record": false,
                "enable_resource_name_dns_aaaa_record": false,
                "hostname_type": "ip-name"
              }
            ],
            "private_ip": "10.0.2.196",
            "public_dns": "ec2-34-206-53-239.compute-1.amazonaws.com",
            "public_ip": "34.206.53.239",
            "region": "us-east-1",
            "root_block_device": [
              {
                "delete_on_termination": true,
                "device_name": "/dev/xvda",
                "encrypted": true,
                "iops": 3000,
                "kms_key_id": "arn:aws:kms:us-east-1:992382472914:key/da186cca-bbd4-4416-b98d-3e32302b01ea",
                "tags": {},
                "tags_all": {},
                "throughput": 125,
                "volume_id": "vol-01dbc13139d404fc6",
                "volume_size": 8,
                "volume_type": "gp3"
              }
            ],
            "secondary_network_interface": [],
            "secondary_private_ips": [],
            "security_groups": [],
            "source_dest_check": true,
            "spot_instance_request_id": "",
            "subnet_id": "subnet-0237be38de446a07a",
            "tags": {
              "AZ": "us-east-1b",
              "Environment": "dev",
              "ManagedBy": "terraform",
              "Name": "dev-nginx-server-2",
              "Project": "nginx-webserver",
              "S3Access": "NO",
              "Server": "2"
            },
            "tags_all": {
              "AZ": "us-east-1b",
              "Environment": "dev",
              "ManagedBy": "terraform",
              "Name": "dev-nginx-server-2",
              "Project": "nginx-webserver",
              "S3Access": "NO",
              "Server": "2"
            },
            "tenancy": "default",
            "timeouts": null,
            "user_data": "#!/bin/bash\r\nyum update -y\r\nyum install -y nginx\r\nsystemctl start nginx\r\nsystemctl enable nginx\r\nmkdir -p /usr/share/nginx/html\r\ncat \u003e /usr/share/nginx/html/index.html \u003c\u003c 'HTML'\r\n\u003c!DOCTYPE html\u003e\r\n\u003chtml\u003e\r\n\u003chead\u003e\r\n  \u003ctitle\u003eNginx Server 2\u003c/title\u003e\r\n  \u003cstyle\u003e\r\n    body { font-family: Arial, sans-serif; text-align: center; padding: 50px; background-color: #fce4ec; }\r\n    .container { background: white; padding: 40px; border-radius: 10px; box-shadow: 0 2px 10px rgba(0,0,0,0.1); display: inline-block; }\r\n    h1 { color: #E91E63; }\r\n    p { color: #555; }\r\n  \u003c/style\u003e\r\n\u003c/head\u003e\r\n\u003cbody\u003e\r\n  \u003cdiv class=\"container\"\u003e\r\n    \u003ch1\u003eNginx Server 2 is running!\u003c/h1\u003e\r\n    \u003cp\u003eThis server was deployed using Terraform.\u003c/p\u003e\r\n    \u003cp\u003eEnvironment: DEV\u003c/p\u003e\r\n    \u003cp\u003eAZ: us-east-1b\u003c/p\u003e\r\n    \u003cp\u003eS3 Access: NO\u003c/p\u003e\r\n  \u003c/div\u003e\r\n\u003c/body\u003e\r\n\u003c/html\u003e\r\nHTML\r\nsystemctl restart nginx\r\n",
            "user_data_base64": null,
            "user_data_replace_on_change": false,
            "volume_tags": {
              "AZ": "us-east-1b",
              "Environment": "dev",
              "ManagedBy": "terraform",
              "Name": "dev-nginx-server-2",
              "Project": "nginx-webserver",
              "S3Access": "NO",
              "Server": "2"
            },
            "vpc_security_group_ids": [
              "sg-03181f0ae28d746e4"
            ]
          },
          "sensitive_attributes": [],
          "identity_schema_version": 0,
          "identity": {
            "account_id": "992382472914",
            "id": "i-0dc6dd268092b0787",
            "region": "us-east-1"
          },
          "private": "eyJlMmJmYjczMC1lY2FhLTExZTYtOGY4OC0zNDM2M2JjN2M0YzAiOnsiY3JlYXRlIjo2MDAwMDAwMDAwMDAsImRlbGV0ZSI6MTIwMDAwMDAwMDAwMCwicmVhZCI6OTAwMDAwMDAwMDAwLCJ1cGRhdGUiOjYwMDAwMDAwMDAwMH0sInNjaGVtYV92ZXJzaW9uIjoiMiJ9",
          "dependencies": [
            "module.nginx_ec2_instances.aws_iam_instance_profile.this",
            "module.nginx_ec2_instances.aws_iam_role.this",
            "module.nginx_ec2_instances.aws_security_group.this",
            "module.nginx_ec2_instances.data.aws_iam_policy_document.assume_role_policy",
            "module.nginx_ec2_instances.data.aws_partition.current",
            "module.nginx_ec2_instances.data.aws_ssm_parameter.this",
            "module.nginx_ec2_instances.data.aws_subnet.this",
            "module.nginx_web_role_1.aws_iam_instance_profile.this",
            "module.nginx_web_role_1.aws_iam_role.this",
            "module.nginx_web_role_1.data.aws_caller_identity.current",
            "module.nginx_web_role_1.data.aws_iam_policy_document.this",
            "module.nginx_web_role_1.data.aws_partition.current",
            "module.nginx_web_role_2.aws_iam_instance_profile.this",
            "module.nginx_web_role_2.aws_iam_role.this",
            "module.nginx_web_role_2.data.aws_caller_identity.current",
            "module.nginx_web_role_2.data.aws_iam_policy_document.this",
            "module.nginx_web_role_2.data.aws_partition.current",
            "module.vpc.aws_subnet.public",
            "module.vpc.aws_vpc.this",
            "module.vpc.aws_vpc_ipv4_cidr_block_association.this"
          ]
        }
      ]
    },
    {
      "module": "module.nginx_ec2_instances[\"2\"]",
      "mode": "managed",
      "type": "aws_security_group",
      "name": "this",
      "provider": "provider[\"registry.terraform.io/hashicorp/aws\"]",
      "instances": [
        {
          "index_key": 0,
          "schema_version": 1,
          "attributes": {
            "arn": "arn:aws:ec2:us-east-1:992382472914:security-group/sg-03181f0ae28d746e4",
            "description": "Managed by Terraform",
            "egress": [
              {
                "cidr_blocks": [
                  "0.0.0.0/0"
                ],
                "description": "Allow all IPv4 traffic",
                "from_port": 0,
                "ipv6_cidr_blocks": [],
                "prefix_list_ids": [],
                "protocol": "-1",
                "security_groups": [],
                "self": false,
                "to_port": 0
              },
              {
                "cidr_blocks": [],
                "description": "Allow all IPv6 traffic",
                "from_port": 0,
                "ipv6_cidr_blocks": [
                  "::/0"
                ],
                "prefix_list_ids": [],
                "protocol": "-1",
                "security_groups": [],
                "self": false,
                "to_port": 0
              }
            ],
            "id": "sg-03181f0ae28d746e4",
            "ingress": [
              {
                "cidr_blocks": [
                  "0.0.0.0/0"
                ],
                "description": "Allow HTTP traffic",
                "from_port": 80,
                "ipv6_cidr_blocks": [],
                "prefix_list_ids": [],
                "protocol": "tcp",
                "security_groups": [],
                "self": false,
                "to_port": 80
              },
              {
                "cidr_blocks": [
                  "0.0.0.0/0"
                ],
                "description": "Allow HTTPS traffic",
                "from_port": 443,
                "ipv6_cidr_blocks": [],
                "prefix_list_ids": [],
                "protocol": "tcp",
                "security_groups": [],
                "self": false,
                "to_port": 443
              },
              {
                "cidr_blocks": [
                  "0.0.0.0/0"
                ],
                "description": "Allow SSH from 0.0.0.0/0",
                "from_port": 22,
                "ipv6_cidr_blocks": [],
                "prefix_list_ids": [],
                "protocol": "tcp",
                "security_groups": [],
                "self": false,
                "to_port": 22
              }
            ],
            "name": "dev-nginx-server-2-sg-2026062409280540130000000a",
            "name_prefix": "dev-nginx-server-2-sg-",
            "owner_id": "992382472914",
            "region": "us-east-1",
            "revoke_rules_on_delete": false,
            "tags": {
              "AZ": "us-east-1b",
              "Environment": "dev",
              "ManagedBy": "terraform",
              "Name": "dev-nginx-server-2-sg",
              "Project": "nginx-webserver",
              "S3Access": "NO",
              "Server": "2"
            },
            "tags_all": {
              "AZ": "us-east-1b",
              "Environment": "dev",
              "ManagedBy": "terraform",
              "Name": "dev-nginx-server-2-sg",
              "Project": "nginx-webserver",
              "S3Access": "NO",
              "Server": "2"
            },
            "timeouts": null,
            "vpc_id": "vpc-0be0b95a6f9abeb12"
          },
          "sensitive_attributes": [],
          "identity_schema_version": 0,
          "identity": {
            "account_id": "992382472914",
            "id": "sg-03181f0ae28d746e4",
            "region": "us-east-1"
          },
          "private": "eyJlMmJmYjczMC1lY2FhLTExZTYtOGY4OC0zNDM2M2JjN2M0YzAiOnsiY3JlYXRlIjo2MDAwMDAwMDAwMDAsImRlbGV0ZSI6OTAwMDAwMDAwMDAwfSwic2NoZW1hX3ZlcnNpb24iOiIxIn0=",
          "dependencies": [
            "module.nginx_ec2_instances.data.aws_subnet.this",
            "module.nginx_web_role_1.aws_iam_instance_profile.this",
            "module.nginx_web_role_1.aws_iam_role.this",
            "module.nginx_web_role_1.data.aws_caller_identity.current",
            "module.nginx_web_role_1.data.aws_iam_policy_document.this",
            "module.nginx_web_role_1.data.aws_partition.current",
            "module.nginx_web_role_2.aws_iam_instance_profile.this",
            "module.nginx_web_role_2.aws_iam_role.this",
            "module.nginx_web_role_2.data.aws_caller_identity.current",
            "module.nginx_web_role_2.data.aws_iam_policy_document.this",
            "module.nginx_web_role_2.data.aws_partition.current",
            "module.vpc.aws_subnet.public",
            "module.vpc.aws_vpc.this",
            "module.vpc.aws_vpc_ipv4_cidr_block_association.this"
          ],
          "create_before_destroy": true
        }
      ]
    },
    {
      "module": "module.nginx_ec2_instances[\"2\"]",
      "mode": "managed",
      "type": "aws_vpc_security_group_egress_rule",
      "name": "this",
      "provider": "provider[\"registry.terraform.io/hashicorp/aws\"]",
      "instances": [
        {
          "index_key": "ipv4_default",
          "schema_version": 0,
          "attributes": {
            "arn": "arn:aws:ec2:us-east-1:992382472914:security-group-rule/sgr-08d174086c4ebf44a",
            "cidr_ipv4": "0.0.0.0/0",
            "cidr_ipv6": null,
            "description": "Allow all IPv4 traffic",
            "from_port": null,
            "id": "sgr-08d174086c4ebf44a",
            "ip_protocol": "-1",
            "prefix_list_id": null,
            "referenced_security_group_id": null,
            "region": "us-east-1",
            "security_group_id": "sg-03181f0ae28d746e4",
            "security_group_rule_id": "sgr-08d174086c4ebf44a",
            "tags": {
              "AZ": "us-east-1b",
              "Environment": "dev",
              "ManagedBy": "terraform",
              "Name": "dev-nginx-server-2-sg-ipv4_default",
              "Project": "nginx-webserver",
              "S3Access": "NO",
              "Server": "2"
            },
            "tags_all": {
              "AZ": "us-east-1b",
              "Environment": "dev",
              "ManagedBy": "terraform",
              "Name": "dev-nginx-server-2-sg-ipv4_default",
              "Project": "nginx-webserver",
              "S3Access": "NO",
              "Server": "2"
            },
            "to_port": null
          },
          "sensitive_attributes": [],
          "identity_schema_version": 0,
          "identity": {
            "account_id": "992382472914",
            "id": "sgr-08d174086c4ebf44a",
            "region": "us-east-1"
          },
          "dependencies": [
            "module.nginx_ec2_instances.aws_security_group.this",
            "module.nginx_ec2_instances.data.aws_subnet.this",
            "module.nginx_web_role_1.aws_iam_instance_profile.this",
            "module.nginx_web_role_1.aws_iam_role.this",
            "module.nginx_web_role_1.data.aws_caller_identity.current",
            "module.nginx_web_role_1.data.aws_iam_policy_document.this",
            "module.nginx_web_role_1.data.aws_partition.current",
            "module.nginx_web_role_2.aws_iam_instance_profile.this",
            "module.nginx_web_role_2.aws_iam_role.this",
            "module.nginx_web_role_2.data.aws_caller_identity.current",
            "module.nginx_web_role_2.data.aws_iam_policy_document.this",
            "module.nginx_web_role_2.data.aws_partition.current",
            "module.vpc.aws_subnet.public",
            "module.vpc.aws_vpc.this",
            "module.vpc.aws_vpc_ipv4_cidr_block_association.this"
          ]
        },
        {
          "index_key": "ipv6_default",
          "schema_version": 0,
          "attributes": {
            "arn": "arn:aws:ec2:us-east-1:992382472914:security-group-rule/sgr-090f2b5b22b5e25b2",
            "cidr_ipv4": null,
            "cidr_ipv6": "::/0",
            "description": "Allow all IPv6 traffic",
            "from_port": null,
            "id": "sgr-090f2b5b22b5e25b2",
            "ip_protocol": "-1",
            "prefix_list_id": null,
            "referenced_security_group_id": null,
            "region": "us-east-1",
            "security_group_id": "sg-03181f0ae28d746e4",
            "security_group_rule_id": "sgr-090f2b5b22b5e25b2",
            "tags": {
              "AZ": "us-east-1b",
              "Environment": "dev",
              "ManagedBy": "terraform",
              "Name": "dev-nginx-server-2-sg-ipv6_default",
              "Project": "nginx-webserver",
              "S3Access": "NO",
              "Server": "2"
            },
            "tags_all": {
              "AZ": "us-east-1b",
              "Environment": "dev",
              "ManagedBy": "terraform",
              "Name": "dev-nginx-server-2-sg-ipv6_default",
              "Project": "nginx-webserver",
              "S3Access": "NO",
              "Server": "2"
            },
            "to_port": null
          },
          "sensitive_attributes": [],
          "identity_schema_version": 0,
          "identity": {
            "account_id": "992382472914",
            "id": "sgr-090f2b5b22b5e25b2",
            "region": "us-east-1"
          },
          "dependencies": [
            "module.nginx_ec2_instances.aws_security_group.this",
            "module.nginx_ec2_instances.data.aws_subnet.this",
            "module.nginx_web_role_1.aws_iam_instance_profile.this",
            "module.nginx_web_role_1.aws_iam_role.this",
            "module.nginx_web_role_1.data.aws_caller_identity.current",
            "module.nginx_web_role_1.data.aws_iam_policy_document.this",
            "module.nginx_web_role_1.data.aws_partition.current",
            "module.nginx_web_role_2.aws_iam_instance_profile.this",
            "module.nginx_web_role_2.aws_iam_role.this",
            "module.nginx_web_role_2.data.aws_caller_identity.current",
            "module.nginx_web_role_2.data.aws_iam_policy_document.this",
            "module.nginx_web_role_2.data.aws_partition.current",
            "module.vpc.aws_subnet.public",
            "module.vpc.aws_vpc.this",
            "module.vpc.aws_vpc_ipv4_cidr_block_association.this"
          ]
        }
      ]
    },
    {
      "module": "module.nginx_ec2_instances[\"2\"]",
      "mode": "managed",
      "type": "aws_vpc_security_group_ingress_rule",
      "name": "this",
      "provider": "provider[\"registry.terraform.io/hashicorp/aws\"]",
      "instances": [
        {
          "index_key": "http",
          "schema_version": 0,
          "attributes": {
            "arn": "arn:aws:ec2:us-east-1:992382472914:security-group-rule/sgr-00f5f2cb8aed1bb2e",
            "cidr_ipv4": "0.0.0.0/0",
            "cidr_ipv6": null,
            "description": "Allow HTTP traffic",
            "from_port": 80,
            "id": "sgr-00f5f2cb8aed1bb2e",
            "ip_protocol": "tcp",
            "prefix_list_id": null,
            "referenced_security_group_id": null,
            "region": "us-east-1",
            "security_group_id": "sg-03181f0ae28d746e4",
            "security_group_rule_id": "sgr-00f5f2cb8aed1bb2e",
            "tags": {
              "AZ": "us-east-1b",
              "Environment": "dev",
              "ManagedBy": "terraform",
              "Name": "dev-nginx-server-2-sg-http",
              "Project": "nginx-webserver",
              "S3Access": "NO",
              "Server": "2"
            },
            "tags_all": {
              "AZ": "us-east-1b",
              "Environment": "dev",
              "ManagedBy": "terraform",
              "Name": "dev-nginx-server-2-sg-http",
              "Project": "nginx-webserver",
              "S3Access": "NO",
              "Server": "2"
            },
            "to_port": 80
          },
          "sensitive_attributes": [],
          "identity_schema_version": 0,
          "identity": {
            "account_id": "992382472914",
            "id": "sgr-00f5f2cb8aed1bb2e",
            "region": "us-east-1"
          },
          "dependencies": [
            "module.nginx_ec2_instances.aws_security_group.this",
            "module.nginx_ec2_instances.data.aws_subnet.this",
            "module.nginx_web_role_1.aws_iam_instance_profile.this",
            "module.nginx_web_role_1.aws_iam_role.this",
            "module.nginx_web_role_1.data.aws_caller_identity.current",
            "module.nginx_web_role_1.data.aws_iam_policy_document.this",
            "module.nginx_web_role_1.data.aws_partition.current",
            "module.nginx_web_role_2.aws_iam_instance_profile.this",
            "module.nginx_web_role_2.aws_iam_role.this",
            "module.nginx_web_role_2.data.aws_caller_identity.current",
            "module.nginx_web_role_2.data.aws_iam_policy_document.this",
            "module.nginx_web_role_2.data.aws_partition.current",
            "module.vpc.aws_subnet.public",
            "module.vpc.aws_vpc.this",
            "module.vpc.aws_vpc_ipv4_cidr_block_association.this"
          ]
        },
        {
          "index_key": "https",
          "schema_version": 0,
          "attributes": {
            "arn": "arn:aws:ec2:us-east-1:992382472914:security-group-rule/sgr-05e9894d710d52d9b",
            "cidr_ipv4": "0.0.0.0/0",
            "cidr_ipv6": null,
            "description": "Allow HTTPS traffic",
            "from_port": 443,
            "id": "sgr-05e9894d710d52d9b",
            "ip_protocol": "tcp",
            "prefix_list_id": null,
            "referenced_security_group_id": null,
            "region": "us-east-1",
            "security_group_id": "sg-03181f0ae28d746e4",
            "security_group_rule_id": "sgr-05e9894d710d52d9b",
            "tags": {
              "AZ": "us-east-1b",
              "Environment": "dev",
              "ManagedBy": "terraform",
              "Name": "dev-nginx-server-2-sg-https",
              "Project": "nginx-webserver",
              "S3Access": "NO",
              "Server": "2"
            },
            "tags_all": {
              "AZ": "us-east-1b",
              "Environment": "dev",
              "ManagedBy": "terraform",
              "Name": "dev-nginx-server-2-sg-https",
              "Project": "nginx-webserver",
              "S3Access": "NO",
              "Server": "2"
            },
            "to_port": 443
          },
          "sensitive_attributes": [],
          "identity_schema_version": 0,
          "identity": {
            "account_id": "992382472914",
            "id": "sgr-05e9894d710d52d9b",
            "region": "us-east-1"
          },
          "dependencies": [
            "module.nginx_ec2_instances.aws_security_group.this",
            "module.nginx_ec2_instances.data.aws_subnet.this",
            "module.nginx_web_role_1.aws_iam_instance_profile.this",
            "module.nginx_web_role_1.aws_iam_role.this",
            "module.nginx_web_role_1.data.aws_caller_identity.current",
            "module.nginx_web_role_1.data.aws_iam_policy_document.this",
            "module.nginx_web_role_1.data.aws_partition.current",
            "module.nginx_web_role_2.aws_iam_instance_profile.this",
            "module.nginx_web_role_2.aws_iam_role.this",
            "module.nginx_web_role_2.data.aws_caller_identity.current",
            "module.nginx_web_role_2.data.aws_iam_policy_document.this",
            "module.nginx_web_role_2.data.aws_partition.current",
            "module.vpc.aws_subnet.public",
            "module.vpc.aws_vpc.this",
            "module.vpc.aws_vpc_ipv4_cidr_block_association.this"
          ]
        },
        {
          "index_key": "ssh_0",
          "schema_version": 0,
          "attributes": {
            "arn": "arn:aws:ec2:us-east-1:992382472914:security-group-rule/sgr-00a3a80a18d4e1931",
            "cidr_ipv4": "0.0.0.0/0",
            "cidr_ipv6": null,
            "description": "Allow SSH from 0.0.0.0/0",
            "from_port": 22,
            "id": "sgr-00a3a80a18d4e1931",
            "ip_protocol": "tcp",
            "prefix_list_id": null,
            "referenced_security_group_id": null,
            "region": "us-east-1",
            "security_group_id": "sg-03181f0ae28d746e4",
            "security_group_rule_id": "sgr-00a3a80a18d4e1931",
            "tags": {
              "AZ": "us-east-1b",
              "Environment": "dev",
              "ManagedBy": "terraform",
              "Name": "dev-nginx-server-2-sg-ssh_0",
              "Project": "nginx-webserver",
              "S3Access": "NO",
              "Server": "2"
            },
            "tags_all": {
              "AZ": "us-east-1b",
              "Environment": "dev",
              "ManagedBy": "terraform",
              "Name": "dev-nginx-server-2-sg-ssh_0",
              "Project": "nginx-webserver",
              "S3Access": "NO",
              "Server": "2"
            },
            "to_port": 22
          },
          "sensitive_attributes": [],
          "identity_schema_version": 0,
          "identity": {
            "account_id": "992382472914",
            "id": "sgr-00a3a80a18d4e1931",
            "region": "us-east-1"
          },
          "dependencies": [
            "module.nginx_ec2_instances.aws_security_group.this",
            "module.nginx_ec2_instances.data.aws_subnet.this",
            "module.nginx_web_role_1.aws_iam_instance_profile.this",
            "module.nginx_web_role_1.aws_iam_role.this",
            "module.nginx_web_role_1.data.aws_caller_identity.current",
            "module.nginx_web_role_1.data.aws_iam_policy_document.this",
            "module.nginx_web_role_1.data.aws_partition.current",
            "module.nginx_web_role_2.aws_iam_instance_profile.this",
            "module.nginx_web_role_2.aws_iam_role.this",
            "module.nginx_web_role_2.data.aws_caller_identity.current",
            "module.nginx_web_role_2.data.aws_iam_policy_document.this",
            "module.nginx_web_role_2.data.aws_partition.current",
            "module.vpc.aws_subnet.public",
            "module.vpc.aws_vpc.this",
            "module.vpc.aws_vpc_ipv4_cidr_block_association.this"
          ]
        }
      ]
    },
    {
      "module": "module.nginx_web_role_1",
      "mode": "data",
      "type": "aws_caller_identity",
      "name": "current",
      "provider": "provider[\"registry.terraform.io/hashicorp/aws\"]",
      "instances": [
        {
          "index_key": 0,
          "schema_version": 0,
          "attributes": {
            "account_id": "992382472914",
            "arn": "arn:aws:iam::992382472914:user/iamadmin",
            "id": "992382472914",
            "user_id": "AIDA6ODU22LJIK46LBGSV"
          },
          "sensitive_attributes": [],
          "identity_schema_version": 0
        }
      ]
    },
    {
      "module": "module.nginx_web_role_1",
      "mode": "data",
      "type": "aws_iam_policy_document",
      "name": "inline",
      "provider": "provider[\"registry.terraform.io/hashicorp/aws\"]",
      "instances": [
        {
          "index_key": 0,
          "schema_version": 0,
          "attributes": {
            "id": "1683672367",
            "json": "{\n  \"Version\": \"2012-10-17\",\n  \"Statement\": [\n    {\n      \"Sid\": \"s3full\",\n      \"Effect\": \"Allow\",\n      \"Action\": [\n        \"s3:PutObject\",\n        \"s3:ListBucket\",\n        \"s3:GetObject\",\n        \"s3:DeleteObject\",\n        \"s3:AbortMultipartUpload\"\n      ],\n      \"Resource\": [\n        \"arn:aws:s3:::dev-nginx-assets-992382472914/*\",\n        \"arn:aws:s3:::dev-nginx-assets-992382472914\"\n      ]\n    }\n  ]\n}",
            "minified_json": "{\"Version\":\"2012-10-17\",\"Statement\":[{\"Sid\":\"s3full\",\"Effect\":\"Allow\",\"Action\":[\"s3:PutObject\",\"s3:ListBucket\",\"s3:GetObject\",\"s3:DeleteObject\",\"s3:AbortMultipartUpload\"],\"Resource\":[\"arn:aws:s3:::dev-nginx-assets-992382472914/*\",\"arn:aws:s3:::dev-nginx-assets-992382472914\"]}]}",
            "override_json": null,
            "override_policy_documents": null,
            "policy_id": null,
            "source_json": null,
            "source_policy_documents": null,
            "statement": [
              {
                "actions": [
                  "s3:AbortMultipartUpload",
                  "s3:DeleteObject",
                  "s3:GetObject",
                  "s3:ListBucket",
                  "s3:PutObject"
                ],
                "condition": [],
                "effect": "Allow",
                "not_actions": [],
                "not_principals": [],
                "not_resources": [],
                "principals": [],
                "resources": [
                  "arn:aws:s3:::dev-nginx-assets-992382472914",
                  "arn:aws:s3:::dev-nginx-assets-992382472914/*"
                ],
                "sid": "s3full"
              }
            ],
            "version": "2012-10-17"
          },
          "sensitive_attributes": [],
          "identity_schema_version": 0
        }
      ]
    },
    {
      "module": "module.nginx_web_role_1",
      "mode": "data",
      "type": "aws_iam_policy_document",
      "name": "this",
      "provider": "provider[\"registry.terraform.io/hashicorp/aws\"]",
      "instances": [
        {
          "index_key": 0,
          "schema_version": 0,
          "attributes": {
            "id": "191264502",
            "json": "{\n  \"Version\": \"2012-10-17\",\n  \"Statement\": [\n    {\n      \"Sid\": \"ec2\",\n      \"Effect\": \"Allow\",\n      \"Action\": \"sts:AssumeRole\",\n      \"Principal\": {\n        \"Service\": \"ec2.amazonaws.com\"\n      }\n    }\n  ]\n}",
            "minified_json": "{\"Version\":\"2012-10-17\",\"Statement\":[{\"Sid\":\"ec2\",\"Effect\":\"Allow\",\"Action\":\"sts:AssumeRole\",\"Principal\":{\"Service\":\"ec2.amazonaws.com\"}}]}",
            "override_json": null,
            "override_policy_documents": null,
            "policy_id": null,
            "source_json": null,
            "source_policy_documents": null,
            "statement": [
              {
                "actions": [
                  "sts:AssumeRole"
                ],
                "condition": [],
                "effect": "Allow",
                "not_actions": [],
                "not_principals": [],
                "not_resources": [],
                "principals": [
                  {
                    "identifiers": [
                      "ec2.amazonaws.com"
                    ],
                    "type": "Service"
                  }
                ],
                "resources": [],
                "sid": "ec2"
              }
            ],
            "version": "2012-10-17"
          },
          "sensitive_attributes": [],
          "identity_schema_version": 0
        }
      ]
    },
    {
      "module": "module.nginx_web_role_1",
      "mode": "data",
      "type": "aws_partition",
      "name": "current",
      "provider": "provider[\"registry.terraform.io/hashicorp/aws\"]",
      "instances": [
        {
          "index_key": 0,
          "schema_version": 0,
          "attributes": {
            "dns_suffix": "amazonaws.com",
            "id": "aws",
            "partition": "aws",
            "reverse_dns_prefix": "com.amazonaws"
          },
          "sensitive_attributes": [],
          "identity_schema_version": 0
        }
      ]
    },
    {
      "module": "module.nginx_web_role_1",
      "mode": "managed",
      "type": "aws_iam_instance_profile",
      "name": "this",
      "provider": "provider[\"registry.terraform.io/hashicorp/aws\"]",
      "instances": [
        {
          "index_key": 0,
          "schema_version": 0,
          "attributes": {
            "arn": "arn:aws:iam::992382472914:instance-profile/dev-nginx-web-role-1-20260624092757025500000005",
            "create_date": "2026-06-24T09:27:52Z",
            "id": "dev-nginx-web-role-1-20260624092757025500000005",
            "name": "dev-nginx-web-role-1-20260624092757025500000005",
            "name_prefix": "dev-nginx-web-role-1-",
            "path": "/",
            "role": "dev-nginx-web-role-1-20260624092755058700000001",
            "tags": {
              "Environment": "dev",
              "ManagedBy": "terraform",
              "Project": "nginx-webserver"
            },
            "tags_all": {
              "Environment": "dev",
              "ManagedBy": "terraform",
              "Project": "nginx-webserver"
            },
            "unique_id": "AIPA6ODU22LJE23BHKV2K"
          },
          "sensitive_attributes": [],
          "identity_schema_version": 0,
          "identity": {
            "account_id": "992382472914",
            "name": "dev-nginx-web-role-1-20260624092757025500000005"
          },
          "private": "bnVsbA==",
          "dependencies": [
            "module.nginx_web_role_1.aws_iam_role.this",
            "module.nginx_web_role_1.data.aws_caller_identity.current",
            "module.nginx_web_role_1.data.aws_iam_policy_document.this",
            "module.nginx_web_role_1.data.aws_partition.current"
          ],
          "create_before_destroy": true
        }
      ]
    },
    {
      "module": "module.nginx_web_role_1",
      "mode": "managed",
      "type": "aws_iam_role",
      "name": "this",
      "provider": "provider[\"registry.terraform.io/hashicorp/aws\"]",
      "instances": [
        {
          "index_key": 0,
          "schema_version": 0,
          "attributes": {
            "arn": "arn:aws:iam::992382472914:role/dev-nginx-web-role-1-20260624092755058700000001",
            "assume_role_policy": "{\"Statement\":[{\"Action\":\"sts:AssumeRole\",\"Effect\":\"Allow\",\"Principal\":{\"Service\":\"ec2.amazonaws.com\"},\"Sid\":\"ec2\"}],\"Version\":\"2012-10-17\"}",
            "create_date": "2026-06-24T09:27:51Z",
            "description": "IAM role for Nginx Server 1 - S3 access via inline policy",
            "force_detach_policies": true,
            "id": "dev-nginx-web-role-1-20260624092755058700000001",
            "inline_policy": [
              {
                "name": "dev-nginx-web-role-1-20260624093623192200000001",
                "policy": "{\"Version\":\"2012-10-17\",\"Statement\":[{\"Action\":[\"s3:PutObject\",\"s3:ListBucket\",\"s3:GetObject\",\"s3:DeleteObject\",\"s3:AbortMultipartUpload\"],\"Effect\":\"Allow\",\"Resource\":[\"arn:aws:s3:::dev-nginx-assets-992382472914/*\",\"arn:aws:s3:::dev-nginx-assets-992382472914\"],\"Sid\":\"s3full\"}]}"
              }
            ],
            "managed_policy_arns": [
              "arn:aws:iam::aws:policy/AmazonSSMManagedInstanceCore"
            ],
            "max_session_duration": 3600,
            "name": "dev-nginx-web-role-1-20260624092755058700000001",
            "name_prefix": "dev-nginx-web-role-1-",
            "path": "/",
            "permissions_boundary": "",
            "tags": {
              "Environment": "dev",
              "ManagedBy": "terraform",
              "Project": "nginx-webserver"
            },
            "tags_all": {
              "Environment": "dev",
              "ManagedBy": "terraform",
              "Project": "nginx-webserver"
            },
            "unique_id": "AROA6ODU22LJCLMRBY4EK"
          },
          "sensitive_attributes": [],
          "identity_schema_version": 0,
          "identity": {
            "account_id": "992382472914",
            "name": "dev-nginx-web-role-1-20260624092755058700000001"
          },
          "private": "bnVsbA==",
          "dependencies": [
            "module.nginx_web_role_1.data.aws_caller_identity.current",
            "module.nginx_web_role_1.data.aws_iam_policy_document.this",
            "module.nginx_web_role_1.data.aws_partition.current"
          ],
          "create_before_destroy": true
        }
      ]
    },
    {
      "module": "module.nginx_web_role_1",
      "mode": "managed",
      "type": "aws_iam_role_policy",
      "name": "inline",
      "provider": "provider[\"registry.terraform.io/hashicorp/aws\"]",
      "instances": [
        {
          "index_key": 0,
          "schema_version": 0,
          "attributes": {
            "id": "dev-nginx-web-role-1-20260624092755058700000001:dev-nginx-web-role-1-20260624093623192200000001",
            "name": "dev-nginx-web-role-1-20260624093623192200000001",
            "name_prefix": "dev-nginx-web-role-1-",
            "policy": "{\"Version\":\"2012-10-17\",\"Statement\":[{\"Action\":[\"s3:PutObject\",\"s3:ListBucket\",\"s3:GetObject\",\"s3:DeleteObject\",\"s3:AbortMultipartUpload\"],\"Effect\":\"Allow\",\"Resource\":[\"arn:aws:s3:::dev-nginx-assets-992382472914/*\",\"arn:aws:s3:::dev-nginx-assets-992382472914\"],\"Sid\":\"s3full\"}]}",
            "role": "dev-nginx-web-role-1-20260624092755058700000001"
          },
          "sensitive_attributes": [],
          "identity_schema_version": 0,
          "identity": {
            "account_id": "992382472914",
            "name": "dev-nginx-web-role-1-20260624093623192200000001",
            "role": "dev-nginx-web-role-1-20260624092755058700000001"
          },
          "private": "bnVsbA==",
          "dependencies": [
            "module.nginx_web_role_1.aws_iam_role.this",
            "module.nginx_web_role_1.data.aws_caller_identity.current",
            "module.nginx_web_role_1.data.aws_iam_policy_document.inline",
            "module.nginx_web_role_1.data.aws_iam_policy_document.this",
            "module.nginx_web_role_1.data.aws_partition.current"
          ]
        }
      ]
    },
    {
      "module": "module.nginx_web_role_1",
      "mode": "managed",
      "type": "aws_iam_role_policy_attachment",
      "name": "this",
      "provider": "provider[\"registry.terraform.io/hashicorp/aws\"]",
      "instances": [
        {
          "index_key": "SSM",
          "schema_version": 0,
          "attributes": {
            "id": "dev-nginx-web-role-1-20260624092755058700000001/arn:aws:iam::aws:policy/AmazonSSMManagedInstanceCore",
            "policy_arn": "arn:aws:iam::aws:policy/AmazonSSMManagedInstanceCore",
            "role": "dev-nginx-web-role-1-20260624092755058700000001"
          },
          "sensitive_attributes": [],
          "identity_schema_version": 0,
          "identity": {
            "account_id": "992382472914",
            "policy_arn": "arn:aws:iam::aws:policy/AmazonSSMManagedInstanceCore",
            "role": "dev-nginx-web-role-1-20260624092755058700000001"
          },
          "private": "bnVsbA==",
          "dependencies": [
            "module.nginx_web_role_1.aws_iam_role.this",
            "module.nginx_web_role_1.data.aws_caller_identity.current",
            "module.nginx_web_role_1.data.aws_iam_policy_document.this",
            "module.nginx_web_role_1.data.aws_partition.current"
          ]
        }
      ]
    },
    {
      "module": "module.nginx_web_role_2",
      "mode": "data",
      "type": "aws_caller_identity",
      "name": "current",
      "provider": "provider[\"registry.terraform.io/hashicorp/aws\"]",
      "instances": [
        {
          "index_key": 0,
          "schema_version": 0,
          "attributes": {
            "account_id": "992382472914",
            "arn": "arn:aws:iam::992382472914:user/iamadmin",
            "id": "992382472914",
            "user_id": "AIDA6ODU22LJIK46LBGSV"
          },
          "sensitive_attributes": [],
          "identity_schema_version": 0
        }
      ]
    },
    {
      "module": "module.nginx_web_role_2",
      "mode": "data",
      "type": "aws_iam_policy_document",
      "name": "this",
      "provider": "provider[\"registry.terraform.io/hashicorp/aws\"]",
      "instances": [
        {
          "index_key": 0,
          "schema_version": 0,
          "attributes": {
            "id": "191264502",
            "json": "{\n  \"Version\": \"2012-10-17\",\n  \"Statement\": [\n    {\n      \"Sid\": \"ec2\",\n      \"Effect\": \"Allow\",\n      \"Action\": \"sts:AssumeRole\",\n      \"Principal\": {\n        \"Service\": \"ec2.amazonaws.com\"\n      }\n    }\n  ]\n}",
            "minified_json": "{\"Version\":\"2012-10-17\",\"Statement\":[{\"Sid\":\"ec2\",\"Effect\":\"Allow\",\"Action\":\"sts:AssumeRole\",\"Principal\":{\"Service\":\"ec2.amazonaws.com\"}}]}",
            "override_json": null,
            "override_policy_documents": null,
            "policy_id": null,
            "source_json": null,
            "source_policy_documents": null,
            "statement": [
              {
                "actions": [
                  "sts:AssumeRole"
                ],
                "condition": [],
                "effect": "Allow",
                "not_actions": [],
                "not_principals": [],
                "not_resources": [],
                "principals": [
                  {
                    "identifiers": [
                      "ec2.amazonaws.com"
                    ],
                    "type": "Service"
                  }
                ],
                "resources": [],
                "sid": "ec2"
              }
            ],
            "version": "2012-10-17"
          },
          "sensitive_attributes": [],
          "identity_schema_version": 0
        }
      ]
    },
    {
      "module": "module.nginx_web_role_2",
      "mode": "data",
      "type": "aws_partition",
      "name": "current",
      "provider": "provider[\"registry.terraform.io/hashicorp/aws\"]",
      "instances": [
        {
          "index_key": 0,
          "schema_version": 0,
          "attributes": {
            "dns_suffix": "amazonaws.com",
            "id": "aws",
            "partition": "aws",
            "reverse_dns_prefix": "com.amazonaws"
          },
          "sensitive_attributes": [],
          "identity_schema_version": 0
        }
      ]
    },
    {
      "module": "module.nginx_web_role_2",
      "mode": "managed",
      "type": "aws_iam_instance_profile",
      "name": "this",
      "provider": "provider[\"registry.terraform.io/hashicorp/aws\"]",
      "instances": [
        {
          "index_key": 0,
          "schema_version": 0,
          "attributes": {
            "arn": "arn:aws:iam::992382472914:instance-profile/dev-nginx-web-role-2-20260624092756996200000003",
            "create_date": "2026-06-24T09:27:52Z",
            "id": "dev-nginx-web-role-2-20260624092756996200000003",
            "name": "dev-nginx-web-role-2-20260624092756996200000003",
            "name_prefix": "dev-nginx-web-role-2-",
            "path": "/",
            "role": "dev-nginx-web-role-2-20260624092755058700000002",
            "tags": {
              "Environment": "dev",
              "ManagedBy": "terraform",
              "Project": "nginx-webserver"
            },
            "tags_all": {
              "Environment": "dev",
              "ManagedBy": "terraform",
              "Project": "nginx-webserver"
            },
            "unique_id": "AIPA6ODU22LJJDWXHTE6S"
          },
          "sensitive_attributes": [],
          "identity_schema_version": 0,
          "identity": {
            "account_id": "992382472914",
            "name": "dev-nginx-web-role-2-20260624092756996200000003"
          },
          "private": "bnVsbA==",
          "dependencies": [
            "module.nginx_web_role_2.aws_iam_role.this",
            "module.nginx_web_role_2.data.aws_caller_identity.current",
            "module.nginx_web_role_2.data.aws_iam_policy_document.this",
            "module.nginx_web_role_2.data.aws_partition.current"
          ],
          "create_before_destroy": true
        }
      ]
    },
    {
      "module": "module.nginx_web_role_2",
      "mode": "managed",
      "type": "aws_iam_role",
      "name": "this",
      "provider": "provider[\"registry.terraform.io/hashicorp/aws\"]",
      "instances": [
        {
          "index_key": 0,
          "schema_version": 0,
          "attributes": {
            "arn": "arn:aws:iam::992382472914:role/dev-nginx-web-role-2-20260624092755058700000002",
            "assume_role_policy": "{\"Statement\":[{\"Action\":\"sts:AssumeRole\",\"Effect\":\"Allow\",\"Principal\":{\"Service\":\"ec2.amazonaws.com\"},\"Sid\":\"ec2\"}],\"Version\":\"2012-10-17\"}",
            "create_date": "2026-06-24T09:27:51Z",
            "description": "IAM role for Nginx Server 2 - NO S3 access",
            "force_detach_policies": true,
            "id": "dev-nginx-web-role-2-20260624092755058700000002",
            "inline_policy": [],
            "managed_policy_arns": [
              "arn:aws:iam::aws:policy/AmazonSSMManagedInstanceCore"
            ],
            "max_session_duration": 3600,
            "name": "dev-nginx-web-role-2-20260624092755058700000002",
            "name_prefix": "dev-nginx-web-role-2-",
            "path": "/",
            "permissions_boundary": "",
            "tags": {
              "Environment": "dev",
              "ManagedBy": "terraform",
              "Project": "nginx-webserver"
            },
            "tags_all": {
              "Environment": "dev",
              "ManagedBy": "terraform",
              "Project": "nginx-webserver"
            },
            "unique_id": "AROA6ODU22LJODGYAXEUZ"
          },
          "sensitive_attributes": [],
          "identity_schema_version": 0,
          "identity": {
            "account_id": "992382472914",
            "name": "dev-nginx-web-role-2-20260624092755058700000002"
          },
          "private": "bnVsbA==",
          "dependencies": [
            "module.nginx_web_role_2.data.aws_caller_identity.current",
            "module.nginx_web_role_2.data.aws_iam_policy_document.this",
            "module.nginx_web_role_2.data.aws_partition.current"
          ],
          "create_before_destroy": true
        }
      ]
    },
    {
      "module": "module.nginx_web_role_2",
      "mode": "managed",
      "type": "aws_iam_role_policy_attachment",
      "name": "this",
      "provider": "provider[\"registry.terraform.io/hashicorp/aws\"]",
      "instances": [
        {
          "index_key": "SSM",
          "schema_version": 0,
          "attributes": {
            "id": "dev-nginx-web-role-2-20260624092755058700000002/arn:aws:iam::aws:policy/AmazonSSMManagedInstanceCore",
            "policy_arn": "arn:aws:iam::aws:policy/AmazonSSMManagedInstanceCore",
            "role": "dev-nginx-web-role-2-20260624092755058700000002"
          },
          "sensitive_attributes": [],
          "identity_schema_version": 0,
          "identity": {
            "account_id": "992382472914",
            "policy_arn": "arn:aws:iam::aws:policy/AmazonSSMManagedInstanceCore",
            "role": "dev-nginx-web-role-2-20260624092755058700000002"
          },
          "private": "bnVsbA==",
          "dependencies": [
            "module.nginx_web_role_2.aws_iam_role.this",
            "module.nginx_web_role_2.data.aws_caller_identity.current",
            "module.nginx_web_role_2.data.aws_iam_policy_document.this",
            "module.nginx_web_role_2.data.aws_partition.current"
          ]
        }
      ]
    },
    {
      "module": "module.vpc",
      "mode": "managed",
      "type": "aws_default_network_acl",
      "name": "this",
      "provider": "provider[\"registry.terraform.io/hashicorp/aws\"]",
      "instances": [
        {
          "index_key": 0,
          "schema_version": 0,
          "attributes": {
            "arn": "arn:aws:ec2:us-east-1:992382472914:network-acl/acl-0c3714a6ec5ccb651",
            "default_network_acl_id": "acl-0c3714a6ec5ccb651",
            "egress": [
              {
                "action": "allow",
                "cidr_block": "",
                "from_port": 0,
                "icmp_code": 0,
                "icmp_type": 0,
                "ipv6_cidr_block": "::/0",
                "protocol": "-1",
                "rule_no": 101,
                "to_port": 0
              },
              {
                "action": "allow",
                "cidr_block": "0.0.0.0/0",
                "from_port": 0,
                "icmp_code": 0,
                "icmp_type": 0,
                "ipv6_cidr_block": "",
                "protocol": "-1",
                "rule_no": 100,
                "to_port": 0
              }
            ],
            "id": "acl-0c3714a6ec5ccb651",
            "ingress": [
              {
                "action": "allow",
                "cidr_block": "",
                "from_port": 0,
                "icmp_code": 0,
                "icmp_type": 0,
                "ipv6_cidr_block": "::/0",
                "protocol": "-1",
                "rule_no": 101,
                "to_port": 0
              },
              {
                "action": "allow",
                "cidr_block": "0.0.0.0/0",
                "from_port": 0,
                "icmp_code": 0,
                "icmp_type": 0,
                "ipv6_cidr_block": "",
                "protocol": "-1",
                "rule_no": 100,
                "to_port": 0
              }
            ],
            "owner_id": "992382472914",
            "region": "us-east-1",
            "subnet_ids": [
              "subnet-0237be38de446a07a",
              "subnet-09bf224908a0c4ea4",
              "subnet-0cea3f1ea0d9789ed",
              "subnet-0f17fecb53ee6fd95"
            ],
            "tags": {
              "Environment": "dev",
              "ManagedBy": "terraform",
              "Name": "dev-vpc-default",
              "Project": "nginx-webserver"
            },
            "tags_all": {
              "Environment": "dev",
              "ManagedBy": "terraform",
              "Name": "dev-vpc-default",
              "Project": "nginx-webserver"
            },
            "vpc_id": "vpc-0be0b95a6f9abeb12"
          },
          "sensitive_attributes": [],
          "identity_schema_version": 0,
          "private": "bnVsbA==",
          "dependencies": [
            "module.vpc.aws_vpc.this"
          ]
        }
      ]
    },
    {
      "module": "module.vpc",
      "mode": "managed",
      "type": "aws_default_route_table",
      "name": "default",
      "provider": "provider[\"registry.terraform.io/hashicorp/aws\"]",
      "instances": [
        {
          "index_key": 0,
          "schema_version": 0,
          "attributes": {
            "arn": "arn:aws:ec2:us-east-1:992382472914:route-table/rtb-010e6f3cf00d08042",
            "default_route_table_id": "rtb-010e6f3cf00d08042",
            "id": "rtb-010e6f3cf00d08042",
            "owner_id": "992382472914",
            "propagating_vgws": [],
            "region": "us-east-1",
            "route": [],
            "tags": {
              "Environment": "dev",
              "ManagedBy": "terraform",
              "Name": "dev-vpc-default",
              "Project": "nginx-webserver"
            },
            "tags_all": {
              "Environment": "dev",
              "ManagedBy": "terraform",
              "Name": "dev-vpc-default",
              "Project": "nginx-webserver"
            },
            "timeouts": {
              "create": "5m",
              "update": "5m"
            },
            "vpc_id": "vpc-0be0b95a6f9abeb12"
          },
          "sensitive_attributes": [],
          "identity_schema_version": 0,
          "private": "eyJlMmJmYjczMC1lY2FhLTExZTYtOGY4OC0zNDM2M2JjN2M0YzAiOnsiY3JlYXRlIjozMDAwMDAwMDAwMDAsInVwZGF0ZSI6MzAwMDAwMDAwMDAwfX0=",
          "dependencies": [
            "module.vpc.aws_vpc.this"
          ]
        }
      ]
    },
    {
      "module": "module.vpc",
      "mode": "managed",
      "type": "aws_default_security_group",
      "name": "this",
      "provider": "provider[\"registry.terraform.io/hashicorp/aws\"]",
      "instances": [
        {
          "index_key": 0,
          "schema_version": 1,
          "attributes": {
            "arn": "arn:aws:ec2:us-east-1:992382472914:security-group/sg-0d83ac79588278b51",
            "description": "default VPC security group",
            "egress": [],
            "id": "sg-0d83ac79588278b51",
            "ingress": [],
            "name": "default",
            "name_prefix": "",
            "owner_id": "992382472914",
            "region": "us-east-1",
            "revoke_rules_on_delete": false,
            "tags": {
              "Environment": "dev",
              "ManagedBy": "terraform",
              "Name": "dev-vpc-default",
              "Project": "nginx-webserver"
            },
            "tags_all": {
              "Environment": "dev",
              "ManagedBy": "terraform",
              "Name": "dev-vpc-default",
              "Project": "nginx-webserver"
            },
            "vpc_id": "vpc-0be0b95a6f9abeb12"
          },
          "sensitive_attributes": [],
          "identity_schema_version": 0,
          "private": "eyJzY2hlbWFfdmVyc2lvbiI6IjEifQ==",
          "dependencies": [
            "module.vpc.aws_vpc.this"
          ]
        }
      ]
    },
    {
      "module": "module.vpc",
      "mode": "managed",
      "type": "aws_internet_gateway",
      "name": "this",
      "provider": "provider[\"registry.terraform.io/hashicorp/aws\"]",
      "instances": [
        {
          "index_key": 0,
          "schema_version": 0,
          "attributes": {
            "arn": "arn:aws:ec2:us-east-1:992382472914:internet-gateway/igw-05992e49b44679b77",
            "id": "igw-05992e49b44679b77",
            "owner_id": "992382472914",
            "region": "us-east-1",
            "tags": {
              "Environment": "dev",
              "ManagedBy": "terraform",
              "Name": "dev-vpc",
              "Project": "nginx-webserver"
            },
            "tags_all": {
              "Environment": "dev",
              "ManagedBy": "terraform",
              "Name": "dev-vpc",
              "Project": "nginx-webserver"
            },
            "timeouts": null,
            "vpc_id": "vpc-0be0b95a6f9abeb12"
          },
          "sensitive_attributes": [],
          "identity_schema_version": 0,
          "identity": {
            "account_id": "992382472914",
            "id": "igw-05992e49b44679b77",
            "region": "us-east-1"
          },
          "private": "eyJlMmJmYjczMC1lY2FhLTExZTYtOGY4OC0zNDM2M2JjN2M0YzAiOnsiY3JlYXRlIjoxMjAwMDAwMDAwMDAwLCJkZWxldGUiOjEyMDAwMDAwMDAwMDAsInVwZGF0ZSI6MTIwMDAwMDAwMDAwMH19",
          "dependencies": [
            "module.vpc.aws_vpc.this",
            "module.vpc.aws_vpc_ipv4_cidr_block_association.this"
          ]
        }
      ]
    },
    {
      "module": "module.vpc",
      "mode": "managed",
      "type": "aws_route",
      "name": "public_internet_gateway",
      "provider": "provider[\"registry.terraform.io/hashicorp/aws\"]",
      "instances": [
        {
          "index_key": 0,
          "schema_version": 0,
          "attributes": {
            "carrier_gateway_id": "",
            "core_network_arn": "",
            "destination_cidr_block": "0.0.0.0/0",
            "destination_ipv6_cidr_block": "",
            "destination_prefix_list_id": "",
            "egress_only_gateway_id": "",
            "gateway_id": "igw-05992e49b44679b77",
            "id": "r-rtb-08fefddb48811cec11080289494",
            "instance_id": "",
            "instance_owner_id": "",
            "local_gateway_id": "",
            "nat_gateway_id": "",
            "network_interface_id": "",
            "odb_network_arn": "",
            "origin": "CreateRoute",
            "region": "us-east-1",
            "route_table_id": "rtb-08fefddb48811cec1",
            "state": "active",
            "timeouts": {
              "create": "5m",
              "delete": null,
              "update": null
            },
            "transit_gateway_id": "",
            "vpc_endpoint_id": "",
            "vpc_peering_connection_id": ""
          },
          "sensitive_attributes": [],
          "identity_schema_version": 0,
          "identity": {
            "account_id": "992382472914",
            "destination_cidr_block": "0.0.0.0/0",
            "destination_ipv6_cidr_block": null,
            "destination_prefix_list_id": null,
            "region": "us-east-1",
            "route_table_id": "rtb-08fefddb48811cec1"
          },
          "private": "eyJlMmJmYjczMC1lY2FhLTExZTYtOGY4OC0zNDM2M2JjN2M0YzAiOnsiY3JlYXRlIjozMDAwMDAwMDAwMDAsImRlbGV0ZSI6MzAwMDAwMDAwMDAwLCJ1cGRhdGUiOjEyMDAwMDAwMDAwMH19",
          "dependencies": [
            "module.vpc.aws_internet_gateway.this",
            "module.vpc.aws_route_table.public",
            "module.vpc.aws_vpc.this",
            "module.vpc.aws_vpc_ipv4_cidr_block_association.this"
          ]
        }
      ]
    },
    {
      "module": "module.vpc",
      "mode": "managed",
      "type": "aws_route_table",
      "name": "private",
      "provider": "provider[\"registry.terraform.io/hashicorp/aws\"]",
      "instances": [
        {
          "index_key": 0,
          "schema_version": 0,
          "attributes": {
            "arn": "arn:aws:ec2:us-east-1:992382472914:route-table/rtb-035c6a9f654879dee",
            "id": "rtb-035c6a9f654879dee",
            "owner_id": "992382472914",
            "propagating_vgws": [],
            "region": "us-east-1",
            "route": [],
            "tags": {
              "Environment": "dev",
              "ManagedBy": "terraform",
              "Name": "dev-vpc-private",
              "Project": "nginx-webserver"
            },
            "tags_all": {
              "Environment": "dev",
              "ManagedBy": "terraform",
              "Name": "dev-vpc-private",
              "Project": "nginx-webserver"
            },
            "timeouts": null,
            "vpc_id": "vpc-0be0b95a6f9abeb12"
          },
          "sensitive_attributes": [],
          "identity_schema_version": 0,
          "identity": {
            "account_id": "992382472914",
            "id": "rtb-035c6a9f654879dee",
            "region": "us-east-1"
          },
          "private": "eyJlMmJmYjczMC1lY2FhLTExZTYtOGY4OC0zNDM2M2JjN2M0YzAiOnsiY3JlYXRlIjozMDAwMDAwMDAwMDAsImRlbGV0ZSI6MzAwMDAwMDAwMDAwLCJ1cGRhdGUiOjEyMDAwMDAwMDAwMH19",
          "dependencies": [
            "module.vpc.aws_vpc.this",
            "module.vpc.aws_vpc_ipv4_cidr_block_association.this"
          ]
        }
      ]
    },
    {
      "module": "module.vpc",
      "mode": "managed",
      "type": "aws_route_table",
      "name": "public",
      "provider": "provider[\"registry.terraform.io/hashicorp/aws\"]",
      "instances": [
        {
          "index_key": 0,
          "schema_version": 0,
          "attributes": {
            "arn": "arn:aws:ec2:us-east-1:992382472914:route-table/rtb-08fefddb48811cec1",
            "id": "rtb-08fefddb48811cec1",
            "owner_id": "992382472914",
            "propagating_vgws": [],
            "region": "us-east-1",
            "route": [
              {
                "carrier_gateway_id": "",
                "cidr_block": "0.0.0.0/0",
                "core_network_arn": "",
                "destination_prefix_list_id": "",
                "egress_only_gateway_id": "",
                "gateway_id": "igw-05992e49b44679b77",
                "ipv6_cidr_block": "",
                "local_gateway_id": "",
                "nat_gateway_id": "",
                "network_interface_id": "",
                "odb_network_arn": "",
                "transit_gateway_id": "",
                "vpc_endpoint_id": "",
                "vpc_peering_connection_id": ""
              }
            ],
            "tags": {
              "Environment": "dev",
              "ManagedBy": "terraform",
              "Name": "dev-vpc-public",
              "Project": "nginx-webserver"
            },
            "tags_all": {
              "Environment": "dev",
              "ManagedBy": "terraform",
              "Name": "dev-vpc-public",
              "Project": "nginx-webserver"
            },
            "timeouts": null,
            "vpc_id": "vpc-0be0b95a6f9abeb12"
          },
          "sensitive_attributes": [],
          "identity_schema_version": 0,
          "identity": {
            "account_id": "992382472914",
            "id": "rtb-08fefddb48811cec1",
            "region": "us-east-1"
          },
          "private": "eyJlMmJmYjczMC1lY2FhLTExZTYtOGY4OC0zNDM2M2JjN2M0YzAiOnsiY3JlYXRlIjozMDAwMDAwMDAwMDAsImRlbGV0ZSI6MzAwMDAwMDAwMDAwLCJ1cGRhdGUiOjEyMDAwMDAwMDAwMH19",
          "dependencies": [
            "module.vpc.aws_vpc.this",
            "module.vpc.aws_vpc_ipv4_cidr_block_association.this"
          ]
        }
      ]
    },
    {
      "module": "module.vpc",
      "mode": "managed",
      "type": "aws_route_table_association",
      "name": "private",
      "provider": "provider[\"registry.terraform.io/hashicorp/aws\"]",
      "instances": [
        {
          "index_key": 0,
          "schema_version": 0,
          "attributes": {
            "gateway_id": "",
            "id": "rtbassoc-00a138ead3d5cff64",
            "region": "us-east-1",
            "route_table_id": "rtb-035c6a9f654879dee",
            "subnet_id": "subnet-0cea3f1ea0d9789ed",
            "timeouts": null
          },
          "sensitive_attributes": [],
          "identity_schema_version": 0,
          "identity": {
            "account_id": "992382472914",
            "id": "rtbassoc-00a138ead3d5cff64",
            "region": "us-east-1"
          },
          "private": "eyJlMmJmYjczMC1lY2FhLTExZTYtOGY4OC0zNDM2M2JjN2M0YzAiOnsiY3JlYXRlIjozMDAwMDAwMDAwMDAsImRlbGV0ZSI6MzAwMDAwMDAwMDAwLCJ1cGRhdGUiOjEyMDAwMDAwMDAwMH19",
          "dependencies": [
            "module.vpc.aws_route_table.private",
            "module.vpc.aws_subnet.private",
            "module.vpc.aws_vpc.this",
            "module.vpc.aws_vpc_ipv4_cidr_block_association.this"
          ]
        },
        {
          "index_key": 1,
          "schema_version": 0,
          "attributes": {
            "gateway_id": "",
            "id": "rtbassoc-00e9b6fa6020f38c2",
            "region": "us-east-1",
            "route_table_id": "rtb-035c6a9f654879dee",
            "subnet_id": "subnet-0f17fecb53ee6fd95",
            "timeouts": null
          },
          "sensitive_attributes": [],
          "identity_schema_version": 0,
          "identity": {
            "account_id": "992382472914",
            "id": "rtbassoc-00e9b6fa6020f38c2",
            "region": "us-east-1"
          },
          "private": "eyJlMmJmYjczMC1lY2FhLTExZTYtOGY4OC0zNDM2M2JjN2M0YzAiOnsiY3JlYXRlIjozMDAwMDAwMDAwMDAsImRlbGV0ZSI6MzAwMDAwMDAwMDAwLCJ1cGRhdGUiOjEyMDAwMDAwMDAwMH19",
          "dependencies": [
            "module.vpc.aws_route_table.private",
            "module.vpc.aws_subnet.private",
            "module.vpc.aws_vpc.this",
            "module.vpc.aws_vpc_ipv4_cidr_block_association.this"
          ]
        }
      ]
    },
    {
      "module": "module.vpc",
      "mode": "managed",
      "type": "aws_route_table_association",
      "name": "public",
      "provider": "provider[\"registry.terraform.io/hashicorp/aws\"]",
      "instances": [
        {
          "index_key": 0,
          "schema_version": 0,
          "attributes": {
            "gateway_id": "",
            "id": "rtbassoc-089a634bbf3ec1791",
            "region": "us-east-1",
            "route_table_id": "rtb-08fefddb48811cec1",
            "subnet_id": "subnet-09bf224908a0c4ea4",
            "timeouts": null
          },
          "sensitive_attributes": [],
          "identity_schema_version": 0,
          "identity": {
            "account_id": "992382472914",
            "id": "rtbassoc-089a634bbf3ec1791",
            "region": "us-east-1"
          },
          "private": "eyJlMmJmYjczMC1lY2FhLTExZTYtOGY4OC0zNDM2M2JjN2M0YzAiOnsiY3JlYXRlIjozMDAwMDAwMDAwMDAsImRlbGV0ZSI6MzAwMDAwMDAwMDAwLCJ1cGRhdGUiOjEyMDAwMDAwMDAwMH19",
          "dependencies": [
            "module.vpc.aws_route_table.public",
            "module.vpc.aws_subnet.public",
            "module.vpc.aws_vpc.this",
            "module.vpc.aws_vpc_ipv4_cidr_block_association.this"
          ]
        },
        {
          "index_key": 1,
          "schema_version": 0,
          "attributes": {
            "gateway_id": "",
            "id": "rtbassoc-069c06c566bffbf98",
            "region": "us-east-1",
            "route_table_id": "rtb-08fefddb48811cec1",
            "subnet_id": "subnet-0237be38de446a07a",
            "timeouts": null
          },
          "sensitive_attributes": [],
          "identity_schema_version": 0,
          "identity": {
            "account_id": "992382472914",
            "id": "rtbassoc-069c06c566bffbf98",
            "region": "us-east-1"
          },
          "private": "eyJlMmJmYjczMC1lY2FhLTExZTYtOGY4OC0zNDM2M2JjN2M0YzAiOnsiY3JlYXRlIjozMDAwMDAwMDAwMDAsImRlbGV0ZSI6MzAwMDAwMDAwMDAwLCJ1cGRhdGUiOjEyMDAwMDAwMDAwMH19",
          "dependencies": [
            "module.vpc.aws_route_table.public",
            "module.vpc.aws_subnet.public",
            "module.vpc.aws_vpc.this",
            "module.vpc.aws_vpc_ipv4_cidr_block_association.this"
          ]
        }
      ]
    },
    {
      "module": "module.vpc",
      "mode": "managed",
      "type": "aws_subnet",
      "name": "private",
      "provider": "provider[\"registry.terraform.io/hashicorp/aws\"]",
      "instances": [
        {
          "index_key": 0,
          "schema_version": 1,
          "attributes": {
            "arn": "arn:aws:ec2:us-east-1:992382472914:subnet/subnet-0cea3f1ea0d9789ed",
            "assign_ipv6_address_on_creation": false,
            "availability_zone": "us-east-1a",
            "availability_zone_id": "use1-az6",
            "cidr_block": "10.0.101.0/24",
            "customer_owned_ipv4_pool": "",
            "enable_dns64": false,
            "enable_lni_at_device_index": 0,
            "enable_resource_name_dns_a_record_on_launch": false,
            "enable_resource_name_dns_aaaa_record_on_launch": false,
            "id": "subnet-0cea3f1ea0d9789ed",
            "ipv4_ipam_pool_id": null,
            "ipv4_netmask_length": null,
            "ipv6_cidr_block": "",
            "ipv6_cidr_block_association_id": "",
            "ipv6_ipam_pool_id": null,
            "ipv6_native": false,
            "ipv6_netmask_length": null,
            "map_customer_owned_ip_on_launch": false,
            "map_public_ip_on_launch": false,
            "outpost_arn": "",
            "owner_id": "992382472914",
            "private_dns_hostname_type_on_launch": "ip-name",
            "region": "us-east-1",
            "tags": {
              "Environment": "dev",
              "ManagedBy": "terraform",
              "Name": "dev-vpc-private-us-east-1a",
              "Project": "nginx-webserver"
            },
            "tags_all": {
              "Environment": "dev",
              "ManagedBy": "terraform",
              "Name": "dev-vpc-private-us-east-1a",
              "Project": "nginx-webserver"
            },
            "timeouts": null,
            "vpc_id": "vpc-0be0b95a6f9abeb12"
          },
          "sensitive_attributes": [],
          "identity_schema_version": 0,
          "identity": {
            "account_id": "992382472914",
            "id": "subnet-0cea3f1ea0d9789ed",
            "region": "us-east-1"
          },
          "private": "eyJlMmJmYjczMC1lY2FhLTExZTYtOGY4OC0zNDM2M2JjN2M0YzAiOnsiY3JlYXRlIjo2MDAwMDAwMDAwMDAsImRlbGV0ZSI6MTIwMDAwMDAwMDAwMH0sInNjaGVtYV92ZXJzaW9uIjoiMSJ9",
          "dependencies": [
            "module.vpc.aws_vpc.this",
            "module.vpc.aws_vpc_ipv4_cidr_block_association.this"
          ]
        },
        {
          "index_key": 1,
          "schema_version": 1,
          "attributes": {
            "arn": "arn:aws:ec2:us-east-1:992382472914:subnet/subnet-0f17fecb53ee6fd95",
            "assign_ipv6_address_on_creation": false,
            "availability_zone": "us-east-1b",
            "availability_zone_id": "use1-az1",
            "cidr_block": "10.0.102.0/24",
            "customer_owned_ipv4_pool": "",
            "enable_dns64": false,
            "enable_lni_at_device_index": 0,
            "enable_resource_name_dns_a_record_on_launch": false,
            "enable_resource_name_dns_aaaa_record_on_launch": false,
            "id": "subnet-0f17fecb53ee6fd95",
            "ipv4_ipam_pool_id": null,
            "ipv4_netmask_length": null,
            "ipv6_cidr_block": "",
            "ipv6_cidr_block_association_id": "",
            "ipv6_ipam_pool_id": null,
            "ipv6_native": false,
            "ipv6_netmask_length": null,
            "map_customer_owned_ip_on_launch": false,
            "map_public_ip_on_launch": false,
            "outpost_arn": "",
            "owner_id": "992382472914",
            "private_dns_hostname_type_on_launch": "ip-name",
            "region": "us-east-1",
            "tags": {
              "Environment": "dev",
              "ManagedBy": "terraform",
              "Name": "dev-vpc-private-us-east-1b",
              "Project": "nginx-webserver"
            },
            "tags_all": {
              "Environment": "dev",
              "ManagedBy": "terraform",
              "Name": "dev-vpc-private-us-east-1b",
              "Project": "nginx-webserver"
            },
            "timeouts": null,
            "vpc_id": "vpc-0be0b95a6f9abeb12"
          },
          "sensitive_attributes": [],
          "identity_schema_version": 0,
          "identity": {
            "account_id": "992382472914",
            "id": "subnet-0f17fecb53ee6fd95",
            "region": "us-east-1"
          },
          "private": "eyJlMmJmYjczMC1lY2FhLTExZTYtOGY4OC0zNDM2M2JjN2M0YzAiOnsiY3JlYXRlIjo2MDAwMDAwMDAwMDAsImRlbGV0ZSI6MTIwMDAwMDAwMDAwMH0sInNjaGVtYV92ZXJzaW9uIjoiMSJ9",
          "dependencies": [
            "module.vpc.aws_vpc.this",
            "module.vpc.aws_vpc_ipv4_cidr_block_association.this"
          ]
        }
      ]
    },
    {
      "module": "module.vpc",
      "mode": "managed",
      "type": "aws_subnet",
      "name": "public",
      "provider": "provider[\"registry.terraform.io/hashicorp/aws\"]",
      "instances": [
        {
          "index_key": 0,
          "schema_version": 1,
          "attributes": {
            "arn": "arn:aws:ec2:us-east-1:992382472914:subnet/subnet-09bf224908a0c4ea4",
            "assign_ipv6_address_on_creation": false,
            "availability_zone": "us-east-1a",
            "availability_zone_id": "use1-az6",
            "cidr_block": "10.0.1.0/24",
            "customer_owned_ipv4_pool": "",
            "enable_dns64": false,
            "enable_lni_at_device_index": 0,
            "enable_resource_name_dns_a_record_on_launch": false,
            "enable_resource_name_dns_aaaa_record_on_launch": false,
            "id": "subnet-09bf224908a0c4ea4",
            "ipv4_ipam_pool_id": null,
            "ipv4_netmask_length": null,
            "ipv6_cidr_block": "",
            "ipv6_cidr_block_association_id": "",
            "ipv6_ipam_pool_id": null,
            "ipv6_native": false,
            "ipv6_netmask_length": null,
            "map_customer_owned_ip_on_launch": false,
            "map_public_ip_on_launch": false,
            "outpost_arn": "",
            "owner_id": "992382472914",
            "private_dns_hostname_type_on_launch": "ip-name",
            "region": "us-east-1",
            "tags": {
              "Environment": "dev",
              "ManagedBy": "terraform",
              "Name": "dev-vpc-public-us-east-1a",
              "Project": "nginx-webserver"
            },
            "tags_all": {
              "Environment": "dev",
              "ManagedBy": "terraform",
              "Name": "dev-vpc-public-us-east-1a",
              "Project": "nginx-webserver"
            },
            "timeouts": null,
            "vpc_id": "vpc-0be0b95a6f9abeb12"
          },
          "sensitive_attributes": [],
          "identity_schema_version": 0,
          "identity": {
            "account_id": "992382472914",
            "id": "subnet-09bf224908a0c4ea4",
            "region": "us-east-1"
          },
          "private": "eyJlMmJmYjczMC1lY2FhLTExZTYtOGY4OC0zNDM2M2JjN2M0YzAiOnsiY3JlYXRlIjo2MDAwMDAwMDAwMDAsImRlbGV0ZSI6MTIwMDAwMDAwMDAwMH0sInNjaGVtYV92ZXJzaW9uIjoiMSJ9",
          "dependencies": [
            "module.vpc.aws_vpc.this",
            "module.vpc.aws_vpc_ipv4_cidr_block_association.this"
          ],
          "create_before_destroy": true
        },
        {
          "index_key": 1,
          "schema_version": 1,
          "attributes": {
            "arn": "arn:aws:ec2:us-east-1:992382472914:subnet/subnet-0237be38de446a07a",
            "assign_ipv6_address_on_creation": false,
            "availability_zone": "us-east-1b",
            "availability_zone_id": "use1-az1",
            "cidr_block": "10.0.2.0/24",
            "customer_owned_ipv4_pool": "",
            "enable_dns64": false,
            "enable_lni_at_device_index": 0,
            "enable_resource_name_dns_a_record_on_launch": false,
            "enable_resource_name_dns_aaaa_record_on_launch": false,
            "id": "subnet-0237be38de446a07a",
            "ipv4_ipam_pool_id": null,
            "ipv4_netmask_length": null,
            "ipv6_cidr_block": "",
            "ipv6_cidr_block_association_id": "",
            "ipv6_ipam_pool_id": null,
            "ipv6_native": false,
            "ipv6_netmask_length": null,
            "map_customer_owned_ip_on_launch": false,
            "map_public_ip_on_launch": false,
            "outpost_arn": "",
            "owner_id": "992382472914",
            "private_dns_hostname_type_on_launch": "ip-name",
            "region": "us-east-1",
            "tags": {
              "Environment": "dev",
              "ManagedBy": "terraform",
              "Name": "dev-vpc-public-us-east-1b",
              "Project": "nginx-webserver"
            },
            "tags_all": {
              "Environment": "dev",
              "ManagedBy": "terraform",
              "Name": "dev-vpc-public-us-east-1b",
              "Project": "nginx-webserver"
            },
            "timeouts": null,
            "vpc_id": "vpc-0be0b95a6f9abeb12"
          },
          "sensitive_attributes": [],
          "identity_schema_version": 0,
          "identity": {
            "account_id": "992382472914",
            "id": "subnet-0237be38de446a07a",
            "region": "us-east-1"
          },
          "private": "eyJlMmJmYjczMC1lY2FhLTExZTYtOGY4OC0zNDM2M2JjN2M0YzAiOnsiY3JlYXRlIjo2MDAwMDAwMDAwMDAsImRlbGV0ZSI6MTIwMDAwMDAwMDAwMH0sInNjaGVtYV92ZXJzaW9uIjoiMSJ9",
          "dependencies": [
            "module.vpc.aws_vpc.this",
            "module.vpc.aws_vpc_ipv4_cidr_block_association.this"
          ],
          "create_before_destroy": true
        }
      ]
    },
    {
      "module": "module.vpc",
      "mode": "managed",
      "type": "aws_vpc",
      "name": "this",
      "provider": "provider[\"registry.terraform.io/hashicorp/aws\"]",
      "instances": [
        {
          "index_key": 0,
          "schema_version": 1,
          "attributes": {
            "arn": "arn:aws:ec2:us-east-1:992382472914:vpc/vpc-0be0b95a6f9abeb12",
            "assign_generated_ipv6_cidr_block": false,
            "cidr_block": "10.0.0.0/16",
            "default_network_acl_id": "acl-0c3714a6ec5ccb651",
            "default_route_table_id": "rtb-010e6f3cf00d08042",
            "default_security_group_id": "sg-0d83ac79588278b51",
            "dhcp_options_id": "dopt-02729fa7861976ab7",
            "enable_dns_hostnames": true,
            "enable_dns_support": true,
            "enable_network_address_usage_metrics": false,
            "id": "vpc-0be0b95a6f9abeb12",
            "instance_tenancy": "default",
            "ipv4_ipam_pool_id": null,
            "ipv4_netmask_length": null,
            "ipv6_association_id": "",
            "ipv6_cidr_block": "",
            "ipv6_cidr_block_network_border_group": "",
            "ipv6_ipam_pool_id": "",
            "ipv6_netmask_length": 0,
            "main_route_table_id": "rtb-010e6f3cf00d08042",
            "owner_id": "992382472914",
            "region": "us-east-1",
            "tags": {
              "Environment": "dev",
              "ManagedBy": "terraform",
              "Name": "dev-vpc",
              "Project": "nginx-webserver"
            },
            "tags_all": {
              "Environment": "dev",
              "ManagedBy": "terraform",
              "Name": "dev-vpc",
              "Project": "nginx-webserver"
            }
          },
          "sensitive_attributes": [],
          "identity_schema_version": 0,
          "identity": {
            "account_id": "992382472914",
            "id": "vpc-0be0b95a6f9abeb12",
            "region": "us-east-1"
          },
          "private": "eyJzY2hlbWFfdmVyc2lvbiI6IjEifQ==",
          "create_before_destroy": true
        }
      ]
    },
    {
      "module": "module.web_assets_bucket",
      "mode": "data",
      "type": "aws_caller_identity",
      "name": "current",
      "provider": "provider[\"registry.terraform.io/hashicorp/aws\"]",
      "instances": [
        {
          "schema_version": 0,
          "attributes": {
            "account_id": "992382472914",
            "arn": "arn:aws:iam::992382472914:user/iamadmin",
            "id": "992382472914",
            "user_id": "AIDA6ODU22LJIK46LBGSV"
          },
          "sensitive_attributes": [],
          "identity_schema_version": 0
        }
      ]
    },
    {
      "module": "module.web_assets_bucket",
      "mode": "data",
      "type": "aws_partition",
      "name": "current",
      "provider": "provider[\"registry.terraform.io/hashicorp/aws\"]",
      "instances": [
        {
          "schema_version": 0,
          "attributes": {
            "dns_suffix": "amazonaws.com",
            "id": "aws",
            "partition": "aws",
            "reverse_dns_prefix": "com.amazonaws"
          },
          "sensitive_attributes": [],
          "identity_schema_version": 0
        }
      ]
    },
    {
      "module": "module.web_assets_bucket",
      "mode": "data",
      "type": "aws_region",
      "name": "current",
      "provider": "provider[\"registry.terraform.io/hashicorp/aws\"]",
      "instances": [
        {
          "schema_version": 0,
          "attributes": {
            "description": "US East (N. Virginia)",
            "endpoint": "ec2.us-east-1.amazonaws.com",
            "id": "us-east-1",
            "name": "us-east-1",
            "region": "us-east-1"
          },
          "sensitive_attributes": [],
          "identity_schema_version": 0
        }
      ]
    },
    {
      "module": "module.web_assets_bucket",
      "mode": "managed",
      "type": "aws_s3_bucket",
      "name": "this",
      "provider": "provider[\"registry.terraform.io/hashicorp/aws\"]",
      "instances": [
        {
          "index_key": 0,
          "schema_version": 0,
          "attributes": {
            "acceleration_status": "",
            "acl": null,
            "arn": "arn:aws:s3:::dev-nginx-assets-992382472914",
            "bucket": "dev-nginx-assets-992382472914",
            "bucket_domain_name": "dev-nginx-assets-992382472914.s3.amazonaws.com",
            "bucket_namespace": "global",
            "bucket_prefix": "",
            "bucket_region": "us-east-1",
            "bucket_regional_domain_name": "dev-nginx-assets-992382472914.s3.us-east-1.amazonaws.com",
            "cors_rule": [],
            "force_destroy": false,
            "grant": [
              {
                "id": "eb580ee546a646bf48d04b47e14f72864e0c902886c8910dd4af45681525153e",
                "permissions": [
                  "FULL_CONTROL"
                ],
                "type": "CanonicalUser",
                "uri": ""
              }
            ],
            "hosted_zone_id": "Z3AQBSTGFYJSTF",
            "id": "dev-nginx-assets-992382472914",
            "lifecycle_rule": [
              {
                "abort_incomplete_multipart_upload_days": 0,
                "enabled": true,
                "expiration": [
                  {
                    "date": "",
                    "days": 90,
                    "expired_object_delete_marker": false
                  }
                ],
                "id": "expire-old-objects",
                "noncurrent_version_expiration": [],
                "noncurrent_version_transition": [],
                "prefix": "",
                "tags": {},
                "transition": []
              }
            ],
            "logging": [],
            "object_lock_configuration": [],
            "object_lock_enabled": false,
            "policy": "",
            "region": "us-east-1",
            "replication_configuration": [],
            "request_payer": "BucketOwner",
            "server_side_encryption_configuration": [
              {
                "rule": [
                  {
                    "apply_server_side_encryption_by_default": [
                      {
                        "kms_master_key_id": "",
                        "sse_algorithm": "AES256"
                      }
                    ],
                    "bucket_key_enabled": false
                  }
                ]
              }
            ],
            "tags": {
              "Environment": "dev",
              "ManagedBy": "terraform",
              "Project": "nginx-webserver"
            },
            "tags_all": {
              "Environment": "dev",
              "ManagedBy": "terraform",
              "Project": "nginx-webserver"
            },
            "timeouts": null,
            "versioning": [
              {
                "enabled": true,
                "mfa_delete": false
              }
            ],
            "website": [],
            "website_domain": null,
            "website_endpoint": null
          },
          "sensitive_attributes": [],
          "identity_schema_version": 0,
          "identity": {
            "account_id": "992382472914",
            "bucket": "dev-nginx-assets-992382472914",
            "region": "us-east-1"
          },
          "private": "eyJlMmJmYjczMC1lY2FhLTExZTYtOGY4OC0zNDM2M2JjN2M0YzAiOnsiY3JlYXRlIjoxMjAwMDAwMDAwMDAwLCJkZWxldGUiOjM2MDAwMDAwMDAwMDAsInJlYWQiOjEyMDAwMDAwMDAwMDAsInVwZGF0ZSI6MTIwMDAwMDAwMDAwMH19"
        }
      ]
    },
    {
      "module": "module.web_assets_bucket",
      "mode": "managed",
      "type": "aws_s3_bucket_lifecycle_configuration",
      "name": "this",
      "provider": "provider[\"registry.terraform.io/hashicorp/aws\"]",
      "instances": [
        {
          "index_key": 0,
          "schema_version": 1,
          "attributes": {
            "bucket": "dev-nginx-assets-992382472914",
            "expected_bucket_owner": "",
            "id": "dev-nginx-assets-992382472914",
            "region": "us-east-1",
            "rule": [
              {
                "abort_incomplete_multipart_upload": [],
                "expiration": [
                  {
                    "date": null,
                    "days": 90,
                    "expired_object_delete_marker": false
                  }
                ],
                "filter": [
                  {
                    "and": [],
                    "object_size_greater_than": null,
                    "object_size_less_than": null,
                    "prefix": "",
                    "tag": []
                  }
                ],
                "id": "expire-old-objects",
                "noncurrent_version_expiration": [],
                "noncurrent_version_transition": [],
                "prefix": "",
                "status": "Enabled",
                "transition": []
              }
            ],
            "timeouts": null,
            "transition_default_minimum_object_size": "all_storage_classes_128K"
          },
          "sensitive_attributes": [],
          "identity_schema_version": 0,
          "identity": {
            "account_id": "992382472914",
            "bucket": "dev-nginx-assets-992382472914",
            "region": "us-east-1"
          },
          "dependencies": [
            "module.web_assets_bucket.aws_s3_bucket.this",
            "module.web_assets_bucket.aws_s3_bucket_replication_configuration.this",
            "module.web_assets_bucket.aws_s3_bucket_versioning.this",
            "module.web_assets_bucket.aws_s3_directory_bucket.this"
          ]
        }
      ]
    },
    {
      "module": "module.web_assets_bucket",
      "mode": "managed",
      "type": "aws_s3_bucket_public_access_block",
      "name": "this",
      "provider": "provider[\"registry.terraform.io/hashicorp/aws\"]",
      "instances": [
        {
          "index_key": 0,
          "schema_version": 0,
          "attributes": {
            "block_public_acls": true,
            "block_public_policy": true,
            "bucket": "dev-nginx-assets-992382472914",
            "id": "dev-nginx-assets-992382472914",
            "ignore_public_acls": true,
            "region": "us-east-1",
            "restrict_public_buckets": true,
            "skip_destroy": true
          },
          "sensitive_attributes": [],
          "identity_schema_version": 0,
          "identity": {
            "account_id": "992382472914",
            "bucket": "dev-nginx-assets-992382472914",
            "region": "us-east-1"
          },
          "private": "bnVsbA==",
          "dependencies": [
            "module.web_assets_bucket.aws_s3_bucket.this"
          ]
        }
      ]
    },
    {
      "module": "module.web_assets_bucket",
      "mode": "managed",
      "type": "aws_s3_bucket_server_side_encryption_configuration",
      "name": "this",
      "provider": "provider[\"registry.terraform.io/hashicorp/aws\"]",
      "instances": [
        {
          "index_key": 0,
          "schema_version": 0,
          "attributes": {
            "bucket": "dev-nginx-assets-992382472914",
            "expected_bucket_owner": "",
            "id": "dev-nginx-assets-992382472914",
            "region": "us-east-1",
            "rule": [
              {
                "apply_server_side_encryption_by_default": [
                  {
                    "kms_master_key_id": "",
                    "sse_algorithm": "AES256"
                  }
                ],
                "blocked_encryption_types": [
                  "SSE-C"
                ],
                "bucket_key_enabled": false
              }
            ]
          },
          "sensitive_attributes": [],
          "identity_schema_version": 1,
          "identity": {
            "account_id": "992382472914",
            "bucket": "dev-nginx-assets-992382472914",
            "region": "us-east-1"
          },
          "private": "bnVsbA==",
          "dependencies": [
            "module.web_assets_bucket.aws_s3_bucket.this",
            "module.web_assets_bucket.aws_s3_directory_bucket.this"
          ]
        }
      ]
    },
    {
      "module": "module.web_assets_bucket",
      "mode": "managed",
      "type": "aws_s3_bucket_versioning",
      "name": "this",
      "provider": "provider[\"registry.terraform.io/hashicorp/aws\"]",
      "instances": [
        {
          "index_key": 0,
          "schema_version": 0,
          "attributes": {
            "bucket": "dev-nginx-assets-992382472914",
            "expected_bucket_owner": "",
            "id": "dev-nginx-assets-992382472914",
            "mfa": null,
            "region": "us-east-1",
            "versioning_configuration": [
              {
                "mfa_delete": "Disabled",
                "status": "Enabled"
              }
            ]
          },
          "sensitive_attributes": [],
          "identity_schema_version": 1,
          "identity": {
            "account_id": "992382472914",
            "bucket": "dev-nginx-assets-992382472914",
            "region": "us-east-1"
          },
          "private": "bnVsbA==",
          "dependencies": [
            "module.web_assets_bucket.aws_s3_bucket.this"
          ]
        }
      ]
    }
  ],
  "check_results": [
    {
      "object_kind": "var",
      "config_addr": "var.s3_bucket_encryption",
      "status": "pass",
      "objects": [
        {
          "object_addr": "var.s3_bucket_encryption",
          "status": "pass"
        }
      ]
    },
    {
      "object_kind": "var",
      "config_addr": "var.root_volume_size",
      "status": "pass",
      "objects": [
        {
          "object_addr": "var.root_volume_size",
          "status": "pass"
        }
      ]
    },
    {
      "object_kind": "var",
      "config_addr": "var.ssh_allowed_ips",
      "status": "pass",
      "objects": [
        {
          "object_addr": "var.ssh_allowed_ips",
          "status": "pass"
        }
      ]
    },
    {
      "object_kind": "var",
      "config_addr": "module.elb_security_group.var.egress_rules",
      "status": "pass",
      "objects": [
        {
          "object_addr": "module.elb_security_group.var.egress_rules",
          "status": "pass"
        }
      ]
    },
    {
      "object_kind": "var",
      "config_addr": "var.aws_region",
      "status": "pass",
      "objects": [
        {
          "object_addr": "var.aws_region",
          "status": "pass"
        }
      ]
    },
    {
      "object_kind": "var",
      "config_addr": "module.elb_security_group.var.ingress_rules",
      "status": "pass",
      "objects": [
        {
          "object_addr": "module.elb_security_group.var.ingress_rules",
          "status": "pass"
        }
      ]
    },
    {
      "object_kind": "var",
      "config_addr": "var.vpc_cidr",
      "status": "pass",
      "objects": [
        {
          "object_addr": "var.vpc_cidr",
          "status": "pass"
        }
      ]
    },
    {
      "object_kind": "var",
      "config_addr": "var.s3_lifecycle_expiration_days",
      "status": "pass",
      "objects": [
        {
          "object_addr": "var.s3_lifecycle_expiration_days",
          "status": "pass"
        }
      ]
    },
    {
      "object_kind": "var",
      "config_addr": "var.instance_type",
      "status": "pass",
      "objects": [
        {
          "object_addr": "var.instance_type",
          "status": "pass"
        }
      ]
    },
    {
      "object_kind": "var",
      "config_addr": "var.s3_bucket_name",
      "status": "pass",
      "objects": [
        {
          "object_addr": "var.s3_bucket_name",
          "status": "pass"
        }
      ]
    }
  ]
}
